// !$*UTF8*$!
{
	archiveVersion = 1;
	classes = {
	};
	objectVersion = 56;
	objects = {

/* Begin PBXBuildFile section */
		4E7899FD2B1D59E234B36915 /* Pods_rickmorty_viper.framework in Frameworks */ = {isa = PBXBuildFile; fileRef = A7887EA43CFB728903B0F832 /* Pods_rickmorty_viper.framework */; };
		561FD18F2B70C22100D2B5E0 /* CharacterDetailPhotoCollectionViewCell.swift in Sources */ = {isa = PBXBuildFile; fileRef = 561FD18D2B70C22100D2B5E0 /* CharacterDetailPhotoCollectionViewCell.swift */; };
		561FD1902B70C22100D2B5E0 /* CharacterDetailPhotoCollectionViewCell.xib in Resources */ = {isa = PBXBuildFile; fileRef = 561FD18E2B70C22100D2B5E0 /* CharacterDetailPhotoCollectionViewCell.xib */; };
		561FD1952B70C68500D2B5E0 /* EpisodeCollectionViewCell.swift in Sources */ = {isa = PBXBuildFile; fileRef = 561FD1932B70C68500D2B5E0 /* EpisodeCollectionViewCell.swift */; };
		561FD1962B70C68500D2B5E0 /* EpisodeCollectionViewCell.xib in Resources */ = {isa = PBXBuildFile; fileRef = 561FD1942B70C68500D2B5E0 /* EpisodeCollectionViewCell.xib */; };
		562FA8762B71D8C00079E3A1 /* SingleInfoCollectionViewCell.swift in Sources */ = {isa = PBXBuildFile; fileRef = 562FA8742B71D8C00079E3A1 /* SingleInfoCollectionViewCell.swift */; };
		562FA8772B71D8C00079E3A1 /* SingleInfoCollectionViewCell.xib in Resources */ = {isa = PBXBuildFile; fileRef = 562FA8752B71D8C00079E3A1 /* SingleInfoCollectionViewCell.xib */; };
		562FA87B2B71DB800079E3A1 /* CharacterInfoCollectionViewCell.swift in Sources */ = {isa = PBXBuildFile; fileRef = 562FA8792B71DB800079E3A1 /* CharacterInfoCollectionViewCell.swift */; };
		562FA87C2B71DB800079E3A1 /* CharacterInfoCollectionViewCell.xib in Resources */ = {isa = PBXBuildFile; fileRef = 562FA87A2B71DB800079E3A1 /* CharacterInfoCollectionViewCell.xib */; };
		5634B5B12B63674500382506 /* CharacterScreenPresenter.swift in Sources */ = {isa = PBXBuildFile; fileRef = 5634B5AC2B63674500382506 /* CharacterScreenPresenter.swift */; };
		5634B5B22B63674500382506 /* CharacterScreenRouter.swift in Sources */ = {isa = PBXBuildFile; fileRef = 5634B5AD2B63674500382506 /* CharacterScreenRouter.swift */; };
		5634B5B32B63674500382506 /* CharacterScreenInteractor.swift in Sources */ = {isa = PBXBuildFile; fileRef = 5634B5AE2B63674500382506 /* CharacterScreenInteractor.swift */; };
		5634B5B42B63674500382506 /* CharacterScreenView.swift in Sources */ = {isa = PBXBuildFile; fileRef = 5634B5AF2B63674500382506 /* CharacterScreenView.swift */; };
		5634B5B52B63674500382506 /* CharacterScreenEntity.swift in Sources */ = {isa = PBXBuildFile; fileRef = 5634B5B02B63674500382506 /* CharacterScreenEntity.swift */; };
		5634B5B72B63680300382506 /* CharacterScreenView.storyboard in Resources */ = {isa = PBXBuildFile; fileRef = 5634B5B62B63680300382506 /* CharacterScreenView.storyboard */; };
		5634B5C02B6368B400382506 /* SettingScreenPresenter.swift in Sources */ = {isa = PBXBuildFile; fileRef = 5634B5BB2B6368B400382506 /* SettingScreenPresenter.swift */; };
		5634B5C12B6368B400382506 /* SettingScreenRouter.swift in Sources */ = {isa = PBXBuildFile; fileRef = 5634B5BC2B6368B400382506 /* SettingScreenRouter.swift */; };
		5634B5C22B6368B400382506 /* SettingScreenInteractor.swift in Sources */ = {isa = PBXBuildFile; fileRef = 5634B5BD2B6368B400382506 /* SettingScreenInteractor.swift */; };
		5634B5C32B6368B400382506 /* SettingScreenView.swift in Sources */ = {isa = PBXBuildFile; fileRef = 5634B5BE2B6368B400382506 /* SettingScreenView.swift */; };
		5634B5C42B6368B400382506 /* SettingScreenEntity.swift in Sources */ = {isa = PBXBuildFile; fileRef = 5634B5BF2B6368B400382506 /* SettingScreenEntity.swift */; };
		5634B5CA2B6368C200382506 /* LocationScreenPresenter.swift in Sources */ = {isa = PBXBuildFile; fileRef = 5634B5C52B6368C200382506 /* LocationScreenPresenter.swift */; };
		5634B5CB2B6368C200382506 /* LocationScreenRouter.swift in Sources */ = {isa = PBXBuildFile; fileRef = 5634B5C62B6368C200382506 /* LocationScreenRouter.swift */; };
		5634B5CC2B6368C200382506 /* LocationScreenInteractor.swift in Sources */ = {isa = PBXBuildFile; fileRef = 5634B5C72B6368C200382506 /* LocationScreenInteractor.swift */; };
		5634B5CD2B6368C200382506 /* LocationScreenView.swift in Sources */ = {isa = PBXBuildFile; fileRef = 5634B5C82B6368C200382506 /* LocationScreenView.swift */; };
		5634B5CE2B6368C200382506 /* LocationScreenEntity.swift in Sources */ = {isa = PBXBuildFile; fileRef = 5634B5C92B6368C200382506 /* LocationScreenEntity.swift */; };
		5634B5D42B6368CF00382506 /* EpisodeScreenPresenter.swift in Sources */ = {isa = PBXBuildFile; fileRef = 5634B5CF2B6368CF00382506 /* EpisodeScreenPresenter.swift */; };
		5634B5D52B6368CF00382506 /* EpisodeScreenRouter.swift in Sources */ = {isa = PBXBuildFile; fileRef = 5634B5D02B6368CF00382506 /* EpisodeScreenRouter.swift */; };
		5634B5D62B6368CF00382506 /* EpisodeScreenInteractor.swift in Sources */ = {isa = PBXBuildFile; fileRef = 5634B5D12B6368CF00382506 /* EpisodeScreenInteractor.swift */; };
		5634B5D72B6368CF00382506 /* EpisodeScreenView.swift in Sources */ = {isa = PBXBuildFile; fileRef = 5634B5D22B6368CF00382506 /* EpisodeScreenView.swift */; };
		5634B5D82B6368CF00382506 /* EpisodeScreenEntity.swift in Sources */ = {isa = PBXBuildFile; fileRef = 5634B5D32B6368CF00382506 /* EpisodeScreenEntity.swift */; };
		5634B5DA2B6368DB00382506 /* EpisodeScreenView.storyboard in Resources */ = {isa = PBXBuildFile; fileRef = 5634B5D92B6368DB00382506 /* EpisodeScreenView.storyboard */; };
		5634B5DC2B6368F200382506 /* LocationScreenView.storyboard in Resources */ = {isa = PBXBuildFile; fileRef = 5634B5DB2B6368F200382506 /* LocationScreenView.storyboard */; };
		5634B5DE2B63690600382506 /* SettingScreenView.storyboard in Resources */ = {isa = PBXBuildFile; fileRef = 5634B5DD2B63690600382506 /* SettingScreenView.storyboard */; };
		5634B5EC2B63720400382506 /* MainTabbarView.storyboard in Resources */ = {isa = PBXBuildFile; fileRef = 5634B5EB2B63720400382506 /* MainTabbarView.storyboard */; };
		5634B5EE2B63723200382506 /* MainTabbarView.swift in Sources */ = {isa = PBXBuildFile; fileRef = 5634B5ED2B63723200382506 /* MainTabbarView.swift */; };
		5634B5F12B638B0600382506 /* BaseViewController.swift in Sources */ = {isa = PBXBuildFile; fileRef = 5634B5F02B638B0600382506 /* BaseViewController.swift */; };
		566055392B720E9E004615B3 /* CharacterDetailEpisodeCollectionViewCell.swift in Sources */ = {isa = PBXBuildFile; fileRef = 566055372B720E9E004615B3 /* CharacterDetailEpisodeCollectionViewCell.swift */; };
		5660553A2B720E9E004615B3 /* CharacterDetailEpisodeCollectionViewCell.xib in Resources */ = {isa = PBXBuildFile; fileRef = 566055382B720E9E004615B3 /* CharacterDetailEpisodeCollectionViewCell.xib */; };
		566055482B733408004615B3 /* EpisodeDetailPresenter.swift in Sources */ = {isa = PBXBuildFile; fileRef = 566055432B733408004615B3 /* EpisodeDetailPresenter.swift */; };
		566055492B733408004615B3 /* EpisodeDetailRouter.swift in Sources */ = {isa = PBXBuildFile; fileRef = 566055442B733408004615B3 /* EpisodeDetailRouter.swift */; };
		5660554A2B733408004615B3 /* EpisodeDetailInteractor.swift in Sources */ = {isa = PBXBuildFile; fileRef = 566055452B733408004615B3 /* EpisodeDetailInteractor.swift */; };
		5660554B2B733408004615B3 /* EpisodeDetailView.swift in Sources */ = {isa = PBXBuildFile; fileRef = 566055462B733408004615B3 /* EpisodeDetailView.swift */; };
		5660554C2B733408004615B3 /* EpisodeDetailEntity.swift in Sources */ = {isa = PBXBuildFile; fileRef = 566055472B733408004615B3 /* EpisodeDetailEntity.swift */; };
		566055502B733CAE004615B3 /* EpisodeDetailView.storyboard in Resources */ = {isa = PBXBuildFile; fileRef = 5660554F2B733CAE004615B3 /* EpisodeDetailView.storyboard */; };
		566055552B75124A004615B3 /* LocationTableViewCell.swift in Sources */ = {isa = PBXBuildFile; fileRef = 566055532B75124A004615B3 /* LocationTableViewCell.swift */; };
		566055562B75124A004615B3 /* LocationTableViewCell.xib in Resources */ = {isa = PBXBuildFile; fileRef = 566055542B75124A004615B3 /* LocationTableViewCell.xib */; };
		5660556B2B78E392004615B3 /* LocationDetailPresenter.swift in Sources */ = {isa = PBXBuildFile; fileRef = 566055662B78E392004615B3 /* LocationDetailPresenter.swift */; };
		5660556C2B78E392004615B3 /* LocationDetailRouter.swift in Sources */ = {isa = PBXBuildFile; fileRef = 566055672B78E392004615B3 /* LocationDetailRouter.swift */; };
		5660556D2B78E392004615B3 /* LocationDetailInteractor.swift in Sources */ = {isa = PBXBuildFile; fileRef = 566055682B78E392004615B3 /* LocationDetailInteractor.swift */; };
		5660556E2B78E392004615B3 /* LocationDetailView.swift in Sources */ = {isa = PBXBuildFile; fileRef = 566055692B78E392004615B3 /* LocationDetailView.swift */; };
		5660556F2B78E392004615B3 /* LocationDetailEntity.swift in Sources */ = {isa = PBXBuildFile; fileRef = 5660556A2B78E392004615B3 /* LocationDetailEntity.swift */; };
		566055712B78E3A0004615B3 /* LocationDetailView.storyboard in Resources */ = {isa = PBXBuildFile; fileRef = 566055702B78E3A0004615B3 /* LocationDetailView.storyboard */; };
		567B81082B6271C6005F676D /* AppDelegate.swift in Sources */ = {isa = PBXBuildFile; fileRef = 567B81072B6271C6005F676D /* AppDelegate.swift */; };
		567B810A2B6271C6005F676D /* SceneDelegate.swift in Sources */ = {isa = PBXBuildFile; fileRef = 567B81092B6271C6005F676D /* SceneDelegate.swift */; };
		567B81112B6271C8005F676D /* Assets.xcassets in Resources */ = {isa = PBXBuildFile; fileRef = 567B81102B6271C8005F676D /* Assets.xcassets */; };
		567B81142B6271C8005F676D /* LaunchScreen.storyboard in Resources */ = {isa = PBXBuildFile; fileRef = 567B81122B6271C8005F676D /* LaunchScreen.storyboard */; };
		567B81262B6272FA005F676D /* MainTabbarPresenter.swift in Sources */ = {isa = PBXBuildFile; fileRef = 567B81252B6272FA005F676D /* MainTabbarPresenter.swift */; };
		567B81282B627310005F676D /* MainTabbarInteractor.swift in Sources */ = {isa = PBXBuildFile; fileRef = 567B81272B627310005F676D /* MainTabbarInteractor.swift */; };
		567B812A2B627323005F676D /* MainTabbarEntity.swift in Sources */ = {isa = PBXBuildFile; fileRef = 567B81292B627323005F676D /* MainTabbarEntity.swift */; };
		567B812C2B627331005F676D /* MainTabbarRouter.swift in Sources */ = {isa = PBXBuildFile; fileRef = 567B812B2B627331005F676D /* MainTabbarRouter.swift */; };
		569970072B79BCAC00F19046 /* SingleSettingTableViewCell.swift in Sources */ = {isa = PBXBuildFile; fileRef = 569970052B79BCAC00F19046 /* SingleSettingTableViewCell.swift */; };
		569970082B79BCAC00F19046 /* SingleSettingTableViewCell.xib in Resources */ = {isa = PBXBuildFile; fileRef = 569970062B79BCAC00F19046 /* SingleSettingTableViewCell.xib */; };
		56BB54D62B6394DE00EEEA2C /* CharacterCollectionViewCell.swift in Sources */ = {isa = PBXBuildFile; fileRef = 56BB54D42B6394DE00EEEA2C /* CharacterCollectionViewCell.swift */; };
		56BB54D72B6394DE00EEEA2C /* CharacterCollectionViewCell.xib in Resources */ = {isa = PBXBuildFile; fileRef = 56BB54D52B6394DE00EEEA2C /* CharacterCollectionViewCell.xib */; };
		56BB54D92B63AFA900EEEA2C /* Endpoint.swift in Sources */ = {isa = PBXBuildFile; fileRef = 56BB54D82B63AFA900EEEA2C /* Endpoint.swift */; };
		56BB54DB2B63B00100EEEA2C /* Request.swift in Sources */ = {isa = PBXBuildFile; fileRef = 56BB54DA2B63B00100EEEA2C /* Request.swift */; };
		56BB54DD2B63B00F00EEEA2C /* ApiManager.swift in Sources */ = {isa = PBXBuildFile; fileRef = 56BB54DC2B63B00F00EEEA2C /* ApiManager.swift */; };
		56BB54E02B63B25D00EEEA2C /* RMCacheManager.swift in Sources */ = {isa = PBXBuildFile; fileRef = 56BB54DF2B63B25D00EEEA2C /* RMCacheManager.swift */; };
		56E466082B6C979C00BB9EFD /* BasePresenter.swift in Sources */ = {isa = PBXBuildFile; fileRef = 56E466072B6C979C00BB9EFD /* BasePresenter.swift */; };
		56E4660A2B6C97E000BB9EFD /* BaseInteractor.swift in Sources */ = {isa = PBXBuildFile; fileRef = 56E466092B6C97E000BB9EFD /* BaseInteractor.swift */; };
		56E4660D2B6CC32D00BB9EFD /* RMImageLoader.swift in Sources */ = {isa = PBXBuildFile; fileRef = 56E4660C2B6CC32D00BB9EFD /* RMImageLoader.swift */; };
		56E4660F2B6CC4A200BB9EFD /* RMConstants.swift in Sources */ = {isa = PBXBuildFile; fileRef = 56E4660E2B6CC4A200BB9EFD /* RMConstants.swift */; };
		56E466162B6CE66500BB9EFD /* CharacterDetailPresenter.swift in Sources */ = {isa = PBXBuildFile; fileRef = 56E466112B6CE66500BB9EFD /* CharacterDetailPresenter.swift */; };
		56E466172B6CE66500BB9EFD /* CharacterDetailRouter.swift in Sources */ = {isa = PBXBuildFile; fileRef = 56E466122B6CE66500BB9EFD /* CharacterDetailRouter.swift */; };
		56E466182B6CE66500BB9EFD /* CharacterDetailInteractor.swift in Sources */ = {isa = PBXBuildFile; fileRef = 56E466132B6CE66500BB9EFD /* CharacterDetailInteractor.swift */; };
		56E466192B6CE66500BB9EFD /* CharacterDetailView.swift in Sources */ = {isa = PBXBuildFile; fileRef = 56E466142B6CE66500BB9EFD /* CharacterDetailView.swift */; };
		56E4661A2B6CE66500BB9EFD /* CharacterDetailEntity.swift in Sources */ = {isa = PBXBuildFile; fileRef = 56E466152B6CE66500BB9EFD /* CharacterDetailEntity.swift */; };
		56E4661C2B6CE67100BB9EFD /* CharacterDetailView.storyboard in Resources */ = {isa = PBXBuildFile; fileRef = 56E4661B2B6CE67100BB9EFD /* CharacterDetailView.storyboard */; };
		56E4661F2B6E777800BB9EFD /* RMFooterLoadingCollectionReusableView.swift in Sources */ = {isa = PBXBuildFile; fileRef = 56E4661E2B6E777800BB9EFD /* RMFooterLoadingCollectionReusableView.swift */; };
/* End PBXBuildFile section */

/* Begin PBXFileReference section */
		561FD18D2B70C22100D2B5E0 /* CharacterDetailPhotoCollectionViewCell.swift */ = {isa = PBXFileReference; lastKnownFileType = sourcecode.swift; path = CharacterDetailPhotoCollectionViewCell.swift; sourceTree = "<group>"; };
		561FD18E2B70C22100D2B5E0 /* CharacterDetailPhotoCollectionViewCell.xib */ = {isa = PBXFileReference; lastKnownFileType = file.xib; path = CharacterDetailPhotoCollectionViewCell.xib; sourceTree = "<group>"; };
		561FD1932B70C68500D2B5E0 /* EpisodeCollectionViewCell.swift */ = {isa = PBXFileReference; lastKnownFileType = sourcecode.swift; path = EpisodeCollectionViewCell.swift; sourceTree = "<group>"; };
		561FD1942B70C68500D2B5E0 /* EpisodeCollectionViewCell.xib */ = {isa = PBXFileReference; lastKnownFileType = file.xib; path = EpisodeCollectionViewCell.xib; sourceTree = "<group>"; };
		562FA8742B71D8C00079E3A1 /* SingleInfoCollectionViewCell.swift */ = {isa = PBXFileReference; lastKnownFileType = sourcecode.swift; path = SingleInfoCollectionViewCell.swift; sourceTree = "<group>"; };
		562FA8752B71D8C00079E3A1 /* SingleInfoCollectionViewCell.xib */ = {isa = PBXFileReference; lastKnownFileType = file.xib; path = SingleInfoCollectionViewCell.xib; sourceTree = "<group>"; };
		562FA8792B71DB800079E3A1 /* CharacterInfoCollectionViewCell.swift */ = {isa = PBXFileReference; lastKnownFileType = sourcecode.swift; path = CharacterInfoCollectionViewCell.swift; sourceTree = "<group>"; };
		562FA87A2B71DB800079E3A1 /* CharacterInfoCollectionViewCell.xib */ = {isa = PBXFileReference; lastKnownFileType = file.xib; path = CharacterInfoCollectionViewCell.xib; sourceTree = "<group>"; };
		5634B5AC2B63674500382506 /* CharacterScreenPresenter.swift */ = {isa = PBXFileReference; lastKnownFileType = sourcecode.swift; path = CharacterScreenPresenter.swift; sourceTree = "<group>"; };
		5634B5AD2B63674500382506 /* CharacterScreenRouter.swift */ = {isa = PBXFileReference; lastKnownFileType = sourcecode.swift; path = CharacterScreenRouter.swift; sourceTree = "<group>"; };
		5634B5AE2B63674500382506 /* CharacterScreenInteractor.swift */ = {isa = PBXFileReference; lastKnownFileType = sourcecode.swift; path = CharacterScreenInteractor.swift; sourceTree = "<group>"; };
		5634B5AF2B63674500382506 /* CharacterScreenView.swift */ = {isa = PBXFileReference; lastKnownFileType = sourcecode.swift; path = CharacterScreenView.swift; sourceTree = "<group>"; };
		5634B5B02B63674500382506 /* CharacterScreenEntity.swift */ = {isa = PBXFileReference; lastKnownFileType = sourcecode.swift; path = CharacterScreenEntity.swift; sourceTree = "<group>"; };
		5634B5B62B63680300382506 /* CharacterScreenView.storyboard */ = {isa = PBXFileReference; lastKnownFileType = file.storyboard; path = CharacterScreenView.storyboard; sourceTree = "<group>"; };
		5634B5BB2B6368B400382506 /* SettingScreenPresenter.swift */ = {isa = PBXFileReference; lastKnownFileType = sourcecode.swift; path = SettingScreenPresenter.swift; sourceTree = "<group>"; };
		5634B5BC2B6368B400382506 /* SettingScreenRouter.swift */ = {isa = PBXFileReference; lastKnownFileType = sourcecode.swift; path = SettingScreenRouter.swift; sourceTree = "<group>"; };
		5634B5BD2B6368B400382506 /* SettingScreenInteractor.swift */ = {isa = PBXFileReference; lastKnownFileType = sourcecode.swift; path = SettingScreenInteractor.swift; sourceTree = "<group>"; };
		5634B5BE2B6368B400382506 /* SettingScreenView.swift */ = {isa = PBXFileReference; lastKnownFileType = sourcecode.swift; path = SettingScreenView.swift; sourceTree = "<group>"; };
		5634B5BF2B6368B400382506 /* SettingScreenEntity.swift */ = {isa = PBXFileReference; lastKnownFileType = sourcecode.swift; path = SettingScreenEntity.swift; sourceTree = "<group>"; };
		5634B5C52B6368C200382506 /* LocationScreenPresenter.swift */ = {isa = PBXFileReference; lastKnownFileType = sourcecode.swift; path = LocationScreenPresenter.swift; sourceTree = "<group>"; };
		5634B5C62B6368C200382506 /* LocationScreenRouter.swift */ = {isa = PBXFileReference; lastKnownFileType = sourcecode.swift; path = LocationScreenRouter.swift; sourceTree = "<group>"; };
		5634B5C72B6368C200382506 /* LocationScreenInteractor.swift */ = {isa = PBXFileReference; lastKnownFileType = sourcecode.swift; path = LocationScreenInteractor.swift; sourceTree = "<group>"; };
		5634B5C82B6368C200382506 /* LocationScreenView.swift */ = {isa = PBXFileReference; lastKnownFileType = sourcecode.swift; path = LocationScreenView.swift; sourceTree = "<group>"; };
		5634B5C92B6368C200382506 /* LocationScreenEntity.swift */ = {isa = PBXFileReference; lastKnownFileType = sourcecode.swift; path = LocationScreenEntity.swift; sourceTree = "<group>"; };
		5634B5CF2B6368CF00382506 /* EpisodeScreenPresenter.swift */ = {isa = PBXFileReference; lastKnownFileType = sourcecode.swift; path = EpisodeScreenPresenter.swift; sourceTree = "<group>"; };
		5634B5D02B6368CF00382506 /* EpisodeScreenRouter.swift */ = {isa = PBXFileReference; lastKnownFileType = sourcecode.swift; path = EpisodeScreenRouter.swift; sourceTree = "<group>"; };
		5634B5D12B6368CF00382506 /* EpisodeScreenInteractor.swift */ = {isa = PBXFileReference; lastKnownFileType = sourcecode.swift; path = EpisodeScreenInteractor.swift; sourceTree = "<group>"; };
		5634B5D22B6368CF00382506 /* EpisodeScreenView.swift */ = {isa = PBXFileReference; lastKnownFileType = sourcecode.swift; path = EpisodeScreenView.swift; sourceTree = "<group>"; };
		5634B5D32B6368CF00382506 /* EpisodeScreenEntity.swift */ = {isa = PBXFileReference; lastKnownFileType = sourcecode.swift; path = EpisodeScreenEntity.swift; sourceTree = "<group>"; };
		5634B5D92B6368DB00382506 /* EpisodeScreenView.storyboard */ = {isa = PBXFileReference; lastKnownFileType = file.storyboard; path = EpisodeScreenView.storyboard; sourceTree = "<group>"; };
		5634B5DB2B6368F200382506 /* LocationScreenView.storyboard */ = {isa = PBXFileReference; lastKnownFileType = file.storyboard; path = LocationScreenView.storyboard; sourceTree = "<group>"; };
		5634B5DD2B63690600382506 /* SettingScreenView.storyboard */ = {isa = PBXFileReference; lastKnownFileType = file.storyboard; path = SettingScreenView.storyboard; sourceTree = "<group>"; };
		5634B5EB2B63720400382506 /* MainTabbarView.storyboard */ = {isa = PBXFileReference; lastKnownFileType = file.storyboard; path = MainTabbarView.storyboard; sourceTree = "<group>"; };
		5634B5ED2B63723200382506 /* MainTabbarView.swift */ = {isa = PBXFileReference; lastKnownFileType = sourcecode.swift; path = MainTabbarView.swift; sourceTree = "<group>"; };
		5634B5F02B638B0600382506 /* BaseViewController.swift */ = {isa = PBXFileReference; lastKnownFileType = sourcecode.swift; path = BaseViewController.swift; sourceTree = "<group>"; };
		566055372B720E9E004615B3 /* CharacterDetailEpisodeCollectionViewCell.swift */ = {isa = PBXFileReference; lastKnownFileType = sourcecode.swift; path = CharacterDetailEpisodeCollectionViewCell.swift; sourceTree = "<group>"; };
		566055382B720E9E004615B3 /* CharacterDetailEpisodeCollectionViewCell.xib */ = {isa = PBXFileReference; lastKnownFileType = file.xib; path = CharacterDetailEpisodeCollectionViewCell.xib; sourceTree = "<group>"; };
		566055432B733408004615B3 /* EpisodeDetailPresenter.swift */ = {isa = PBXFileReference; lastKnownFileType = sourcecode.swift; path = EpisodeDetailPresenter.swift; sourceTree = "<group>"; };
		566055442B733408004615B3 /* EpisodeDetailRouter.swift */ = {isa = PBXFileReference; lastKnownFileType = sourcecode.swift; path = EpisodeDetailRouter.swift; sourceTree = "<group>"; };
		566055452B733408004615B3 /* EpisodeDetailInteractor.swift */ = {isa = PBXFileReference; lastKnownFileType = sourcecode.swift; path = EpisodeDetailInteractor.swift; sourceTree = "<group>"; };
		566055462B733408004615B3 /* EpisodeDetailView.swift */ = {isa = PBXFileReference; lastKnownFileType = sourcecode.swift; path = EpisodeDetailView.swift; sourceTree = "<group>"; };
		566055472B733408004615B3 /* EpisodeDetailEntity.swift */ = {isa = PBXFileReference; lastKnownFileType = sourcecode.swift; path = EpisodeDetailEntity.swift; sourceTree = "<group>"; };
		5660554F2B733CAE004615B3 /* EpisodeDetailView.storyboard */ = {isa = PBXFileReference; lastKnownFileType = file.storyboard; path = EpisodeDetailView.storyboard; sourceTree = "<group>"; };
		566055532B75124A004615B3 /* LocationTableViewCell.swift */ = {isa = PBXFileReference; lastKnownFileType = sourcecode.swift; path = LocationTableViewCell.swift; sourceTree = "<group>"; };
		566055542B75124A004615B3 /* LocationTableViewCell.xib */ = {isa = PBXFileReference; lastKnownFileType = file.xib; path = LocationTableViewCell.xib; sourceTree = "<group>"; };
		566055662B78E392004615B3 /* LocationDetailPresenter.swift */ = {isa = PBXFileReference; lastKnownFileType = sourcecode.swift; path = LocationDetailPresenter.swift; sourceTree = "<group>"; };
		566055672B78E392004615B3 /* LocationDetailRouter.swift */ = {isa = PBXFileReference; lastKnownFileType = sourcecode.swift; path = LocationDetailRouter.swift; sourceTree = "<group>"; };
		566055682B78E392004615B3 /* LocationDetailInteractor.swift */ = {isa = PBXFileReference; lastKnownFileType = sourcecode.swift; path = LocationDetailInteractor.swift; sourceTree = "<group>"; };
		566055692B78E392004615B3 /* LocationDetailView.swift */ = {isa = PBXFileReference; lastKnownFileType = sourcecode.swift; path = LocationDetailView.swift; sourceTree = "<group>"; };
		5660556A2B78E392004615B3 /* LocationDetailEntity.swift */ = {isa = PBXFileReference; lastKnownFileType = sourcecode.swift; path = LocationDetailEntity.swift; sourceTree = "<group>"; };
		566055702B78E3A0004615B3 /* LocationDetailView.storyboard */ = {isa = PBXFileReference; lastKnownFileType = file.storyboard; path = LocationDetailView.storyboard; sourceTree = "<group>"; };
		567B81042B6271C6005F676D /* rickmorty-viper.app */ = {isa = PBXFileReference; explicitFileType = wrapper.application; includeInIndex = 0; path = "rickmorty-viper.app"; sourceTree = BUILT_PRODUCTS_DIR; };
		567B81072B6271C6005F676D /* AppDelegate.swift */ = {isa = PBXFileReference; lastKnownFileType = sourcecode.swift; path = AppDelegate.swift; sourceTree = "<group>"; };
		567B81092B6271C6005F676D /* SceneDelegate.swift */ = {isa = PBXFileReference; lastKnownFileType = sourcecode.swift; path = SceneDelegate.swift; sourceTree = "<group>"; };
		567B81102B6271C8005F676D /* Assets.xcassets */ = {isa = PBXFileReference; lastKnownFileType = folder.assetcatalog; path = Assets.xcassets; sourceTree = "<group>"; };
		567B81132B6271C8005F676D /* Base */ = {isa = PBXFileReference; lastKnownFileType = file.storyboard; name = Base; path = Base.lproj/LaunchScreen.storyboard; sourceTree = "<group>"; };
		567B81152B6271C8005F676D /* Info.plist */ = {isa = PBXFileReference; lastKnownFileType = text.plist.xml; path = Info.plist; sourceTree = "<group>"; };
		567B81252B6272FA005F676D /* MainTabbarPresenter.swift */ = {isa = PBXFileReference; lastKnownFileType = sourcecode.swift; path = MainTabbarPresenter.swift; sourceTree = "<group>"; };
		567B81272B627310005F676D /* MainTabbarInteractor.swift */ = {isa = PBXFileReference; lastKnownFileType = sourcecode.swift; path = MainTabbarInteractor.swift; sourceTree = "<group>"; };
		567B81292B627323005F676D /* MainTabbarEntity.swift */ = {isa = PBXFileReference; lastKnownFileType = sourcecode.swift; path = MainTabbarEntity.swift; sourceTree = "<group>"; };
		567B812B2B627331005F676D /* MainTabbarRouter.swift */ = {isa = PBXFileReference; lastKnownFileType = sourcecode.swift; path = MainTabbarRouter.swift; sourceTree = "<group>"; };
		569970052B79BCAC00F19046 /* SingleSettingTableViewCell.swift */ = {isa = PBXFileReference; lastKnownFileType = sourcecode.swift; path = SingleSettingTableViewCell.swift; sourceTree = "<group>"; };
		569970062B79BCAC00F19046 /* SingleSettingTableViewCell.xib */ = {isa = PBXFileReference; lastKnownFileType = file.xib; path = SingleSettingTableViewCell.xib; sourceTree = "<group>"; };
		56BB54D42B6394DE00EEEA2C /* CharacterCollectionViewCell.swift */ = {isa = PBXFileReference; lastKnownFileType = sourcecode.swift; path = CharacterCollectionViewCell.swift; sourceTree = "<group>"; };
		56BB54D52B6394DE00EEEA2C /* CharacterCollectionViewCell.xib */ = {isa = PBXFileReference; lastKnownFileType = file.xib; path = CharacterCollectionViewCell.xib; sourceTree = "<group>"; };
		56BB54D82B63AFA900EEEA2C /* Endpoint.swift */ = {isa = PBXFileReference; lastKnownFileType = sourcecode.swift; path = Endpoint.swift; sourceTree = "<group>"; };
		56BB54DA2B63B00100EEEA2C /* Request.swift */ = {isa = PBXFileReference; lastKnownFileType = sourcecode.swift; path = Request.swift; sourceTree = "<group>"; };
		56BB54DC2B63B00F00EEEA2C /* ApiManager.swift */ = {isa = PBXFileReference; lastKnownFileType = sourcecode.swift; path = ApiManager.swift; sourceTree = "<group>"; };
		56BB54DF2B63B25D00EEEA2C /* RMCacheManager.swift */ = {isa = PBXFileReference; lastKnownFileType = sourcecode.swift; path = RMCacheManager.swift; sourceTree = "<group>"; };
		56BB54E12B63DC6F00EEEA2C /* RxCocoa.framework */ = {isa = PBXFileReference; explicitFileType = wrapper.framework; path = RxCocoa.framework; sourceTree = BUILT_PRODUCTS_DIR; };
		56E466072B6C979C00BB9EFD /* BasePresenter.swift */ = {isa = PBXFileReference; lastKnownFileType = sourcecode.swift; path = BasePresenter.swift; sourceTree = "<group>"; };
		56E466092B6C97E000BB9EFD /* BaseInteractor.swift */ = {isa = PBXFileReference; lastKnownFileType = sourcecode.swift; path = BaseInteractor.swift; sourceTree = "<group>"; };
		56E4660C2B6CC32D00BB9EFD /* RMImageLoader.swift */ = {isa = PBXFileReference; lastKnownFileType = sourcecode.swift; path = RMImageLoader.swift; sourceTree = "<group>"; };
		56E4660E2B6CC4A200BB9EFD /* RMConstants.swift */ = {isa = PBXFileReference; lastKnownFileType = sourcecode.swift; path = RMConstants.swift; sourceTree = "<group>"; };
		56E466112B6CE66500BB9EFD /* CharacterDetailPresenter.swift */ = {isa = PBXFileReference; lastKnownFileType = sourcecode.swift; path = CharacterDetailPresenter.swift; sourceTree = "<group>"; };
		56E466122B6CE66500BB9EFD /* CharacterDetailRouter.swift */ = {isa = PBXFileReference; lastKnownFileType = sourcecode.swift; path = CharacterDetailRouter.swift; sourceTree = "<group>"; };
		56E466132B6CE66500BB9EFD /* CharacterDetailInteractor.swift */ = {isa = PBXFileReference; lastKnownFileType = sourcecode.swift; path = CharacterDetailInteractor.swift; sourceTree = "<group>"; };
		56E466142B6CE66500BB9EFD /* CharacterDetailView.swift */ = {isa = PBXFileReference; lastKnownFileType = sourcecode.swift; path = CharacterDetailView.swift; sourceTree = "<group>"; };
		56E466152B6CE66500BB9EFD /* CharacterDetailEntity.swift */ = {isa = PBXFileReference; lastKnownFileType = sourcecode.swift; path = CharacterDetailEntity.swift; sourceTree = "<group>"; };
		56E4661B2B6CE67100BB9EFD /* CharacterDetailView.storyboard */ = {isa = PBXFileReference; lastKnownFileType = file.storyboard; path = CharacterDetailView.storyboard; sourceTree = "<group>"; };
		56E4661E2B6E777800BB9EFD /* RMFooterLoadingCollectionReusableView.swift */ = {isa = PBXFileReference; lastKnownFileType = sourcecode.swift; path = RMFooterLoadingCollectionReusableView.swift; sourceTree = "<group>"; };
		9616BB236A2C3E63692457A2 /* Pods-rickmorty-viper.debug.xcconfig */ = {isa = PBXFileReference; includeInIndex = 1; lastKnownFileType = text.xcconfig; name = "Pods-rickmorty-viper.debug.xcconfig"; path = "Target Support Files/Pods-rickmorty-viper/Pods-rickmorty-viper.debug.xcconfig"; sourceTree = "<group>"; };
		A7887EA43CFB728903B0F832 /* Pods_rickmorty_viper.framework */ = {isa = PBXFileReference; explicitFileType = wrapper.framework; includeInIndex = 0; path = Pods_rickmorty_viper.framework; sourceTree = BUILT_PRODUCTS_DIR; };
		FA12621864962756E34B82C5 /* Pods-rickmorty-viper.release.xcconfig */ = {isa = PBXFileReference; includeInIndex = 1; lastKnownFileType = text.xcconfig; name = "Pods-rickmorty-viper.release.xcconfig"; path = "Target Support Files/Pods-rickmorty-viper/Pods-rickmorty-viper.release.xcconfig"; sourceTree = "<group>"; };
/* End PBXFileReference section */

/* Begin PBXFrameworksBuildPhase section */
		567B81012B6271C6005F676D /* Frameworks */ = {
			isa = PBXFrameworksBuildPhase;
			buildActionMask = 2147483647;
			files = (
				4E7899FD2B1D59E234B36915 /* Pods_rickmorty_viper.framework in Frameworks */,
			);
			runOnlyForDeploymentPostprocessing = 0;
		};
/* End PBXFrameworksBuildPhase section */

/* Begin PBXGroup section */
		0E548B09320FB9D02810347B /* Frameworks */ = {
			isa = PBXGroup;
			children = (
				56BB54E12B63DC6F00EEEA2C /* RxCocoa.framework */,
				A7887EA43CFB728903B0F832 /* Pods_rickmorty_viper.framework */,
			);
			name = Frameworks;
			sourceTree = "<group>";
		};
		561FD1852B70BCA600D2B5E0 /* PhotoCell */ = {
			isa = PBXGroup;
			children = (
				561FD18D2B70C22100D2B5E0 /* CharacterDetailPhotoCollectionViewCell.swift */,
				561FD18E2B70C22100D2B5E0 /* CharacterDetailPhotoCollectionViewCell.xib */,
			);
			path = PhotoCell;
			sourceTree = "<group>";
		};
		561FD1862B70BCAE00D2B5E0 /* SingleInfoCell */ = {
			isa = PBXGroup;
			children = (
				562FA8742B71D8C00079E3A1 /* SingleInfoCollectionViewCell.swift */,
				562FA8752B71D8C00079E3A1 /* SingleInfoCollectionViewCell.xib */,
			);
			path = SingleInfoCell;
			sourceTree = "<group>";
		};
		561FD1912B70C65800D2B5E0 /* Cells */ = {
			isa = PBXGroup;
			children = (
				561FD1862B70BCAE00D2B5E0 /* SingleInfoCell */,
			);
			path = Cells;
			sourceTree = "<group>";
		};
		561FD1922B70C66700D2B5E0 /* EpisodeCell */ = {
			isa = PBXGroup;
			children = (
				561FD1932B70C68500D2B5E0 /* EpisodeCollectionViewCell.swift */,
				561FD1942B70C68500D2B5E0 /* EpisodeCollectionViewCell.xib */,
			);
			path = EpisodeCell;
			sourceTree = "<group>";
		};
		562FA8782B71DB6E0079E3A1 /* CharacterInfoCell */ = {
			isa = PBXGroup;
			children = (
				562FA8792B71DB800079E3A1 /* CharacterInfoCollectionViewCell.swift */,
				562FA87A2B71DB800079E3A1 /* CharacterInfoCollectionViewCell.xib */,
			);
			path = CharacterInfoCell;
			sourceTree = "<group>";
		};
		5634B5AB2B63673100382506 /* CharacterScreen */ = {
			isa = PBXGroup;
			children = (
				56BB54D22B6394A200EEEA2C /* View */,
				5634B5AC2B63674500382506 /* CharacterScreenPresenter.swift */,
				5634B5AE2B63674500382506 /* CharacterScreenInteractor.swift */,
				5634B5B02B63674500382506 /* CharacterScreenEntity.swift */,
				5634B5AD2B63674500382506 /* CharacterScreenRouter.swift */,
			);
			path = CharacterScreen;
			sourceTree = "<group>";
		};
		5634B5B82B63687100382506 /* EpisodeScreen */ = {
			isa = PBXGroup;
			children = (
				5660553E2B723E93004615B3 /* View */,
				5634B5CF2B6368CF00382506 /* EpisodeScreenPresenter.swift */,
				5634B5D12B6368CF00382506 /* EpisodeScreenInteractor.swift */,
				5634B5D32B6368CF00382506 /* EpisodeScreenEntity.swift */,
				5634B5D02B6368CF00382506 /* EpisodeScreenRouter.swift */,
			);
			path = EpisodeScreen;
			sourceTree = "<group>";
		};
		5634B5B92B63688800382506 /* LocationScreen */ = {
			isa = PBXGroup;
			children = (
				566055522B739732004615B3 /* View */,
				5634B5C52B6368C200382506 /* LocationScreenPresenter.swift */,
				5634B5C72B6368C200382506 /* LocationScreenInteractor.swift */,
				5634B5C92B6368C200382506 /* LocationScreenEntity.swift */,
				5634B5C62B6368C200382506 /* LocationScreenRouter.swift */,
			);
			path = LocationScreen;
			sourceTree = "<group>";
		};
		5634B5BA2B63689200382506 /* SettingScreen */ = {
			isa = PBXGroup;
			children = (
				569970042B79BC5900F19046 /* SingleSettingCell */,
				5634B5BE2B6368B400382506 /* SettingScreenView.swift */,
				5634B5DD2B63690600382506 /* SettingScreenView.storyboard */,
				5634B5BB2B6368B400382506 /* SettingScreenPresenter.swift */,
				5634B5BD2B6368B400382506 /* SettingScreenInteractor.swift */,
				5634B5BF2B6368B400382506 /* SettingScreenEntity.swift */,
				5634B5BC2B6368B400382506 /* SettingScreenRouter.swift */,
			);
			path = SettingScreen;
			sourceTree = "<group>";
		};
		5634B5EF2B638AF600382506 /* BaseModule */ = {
			isa = PBXGroup;
			children = (
				5634B5F02B638B0600382506 /* BaseViewController.swift */,
				56E466072B6C979C00BB9EFD /* BasePresenter.swift */,
				56E466092B6C97E000BB9EFD /* BaseInteractor.swift */,
			);
			path = BaseModule;
			sourceTree = "<group>";
		};
		566055362B720E60004615B3 /* EpisodeCell */ = {
			isa = PBXGroup;
			children = (
				566055372B720E9E004615B3 /* CharacterDetailEpisodeCollectionViewCell.swift */,
				566055382B720E9E004615B3 /* CharacterDetailEpisodeCollectionViewCell.xib */,
			);
			path = EpisodeCell;
			sourceTree = "<group>";
		};
		5660553B2B721509004615B3 /* View */ = {
			isa = PBXGroup;
			children = (
				562FA8782B71DB6E0079E3A1 /* CharacterInfoCell */,
				566055362B720E60004615B3 /* EpisodeCell */,
				561FD1852B70BCA600D2B5E0 /* PhotoCell */,
				56E4661B2B6CE67100BB9EFD /* CharacterDetailView.storyboard */,
				56E466142B6CE66500BB9EFD /* CharacterDetailView.swift */,
			);
			path = View;
			sourceTree = "<group>";
		};
		5660553C2B7238F6004615B3 /* EpisodeDetail */ = {
			isa = PBXGroup;
			children = (
				566055462B733408004615B3 /* EpisodeDetailView.swift */,
				5660554F2B733CAE004615B3 /* EpisodeDetailView.storyboard */,
				566055432B733408004615B3 /* EpisodeDetailPresenter.swift */,
				566055452B733408004615B3 /* EpisodeDetailInteractor.swift */,
				566055472B733408004615B3 /* EpisodeDetailEntity.swift */,
				566055442B733408004615B3 /* EpisodeDetailRouter.swift */,
			);
			path = EpisodeDetail;
			sourceTree = "<group>";
		};
		5660553E2B723E93004615B3 /* View */ = {
			isa = PBXGroup;
			children = (
				561FD1922B70C66700D2B5E0 /* EpisodeCell */,
				5634B5D92B6368DB00382506 /* EpisodeScreenView.storyboard */,
				5634B5D22B6368CF00382506 /* EpisodeScreenView.swift */,
			);
			path = View;
			sourceTree = "<group>";
		};
		566055522B739732004615B3 /* View */ = {
			isa = PBXGroup;
			children = (
				566055572B751260004615B3 /* LocationCell */,
				5634B5C82B6368C200382506 /* LocationScreenView.swift */,
				5634B5DB2B6368F200382506 /* LocationScreenView.storyboard */,
			);
			path = View;
			sourceTree = "<group>";
		};
		566055572B751260004615B3 /* LocationCell */ = {
			isa = PBXGroup;
			children = (
				566055532B75124A004615B3 /* LocationTableViewCell.swift */,
				566055542B75124A004615B3 /* LocationTableViewCell.xib */,
			);
			path = LocationCell;
			sourceTree = "<group>";
		};
		566055652B78E379004615B3 /* LocationDetail */ = {
			isa = PBXGroup;
			children = (
				566055692B78E392004615B3 /* LocationDetailView.swift */,
				566055702B78E3A0004615B3 /* LocationDetailView.storyboard */,
				566055662B78E392004615B3 /* LocationDetailPresenter.swift */,
				566055682B78E392004615B3 /* LocationDetailInteractor.swift */,
				5660556A2B78E392004615B3 /* LocationDetailEntity.swift */,
				566055672B78E392004615B3 /* LocationDetailRouter.swift */,
			);
			path = LocationDetail;
			sourceTree = "<group>";
		};
		567B80FB2B6271C6005F676D = {
			isa = PBXGroup;
			children = (
				567B81062B6271C6005F676D /* rickmorty-viper */,
				567B81052B6271C6005F676D /* Products */,
				F2EB87BEBC1FC428E63E8103 /* Pods */,
				0E548B09320FB9D02810347B /* Frameworks */,
			);
			sourceTree = "<group>";
		};
		567B81052B6271C6005F676D /* Products */ = {
			isa = PBXGroup;
			children = (
				567B81042B6271C6005F676D /* rickmorty-viper.app */,
			);
			name = Products;
			sourceTree = "<group>";
		};
		567B81062B6271C6005F676D /* rickmorty-viper */ = {
			isa = PBXGroup;
			children = (
				567B81472B6292A2005F676D /* App */,
				567B81492B6292E4005F676D /* Common */,
				567B814A2B6292EC005F676D /* Extension */,
				567B811B2B627263005F676D /* Modules */,
				567B814B2B6292FB005F676D /* Networking */,
				567B81482B6292B1005F676D /* Resources */,
				567B81152B6271C8005F676D /* Info.plist */,
			);
			path = "rickmorty-viper";
			sourceTree = "<group>";
		};
		567B811B2B627263005F676D /* Modules */ = {
			isa = PBXGroup;
			children = (
				56E466102B6CE62300BB9EFD /* CharacterDetail */,
				5634B5AB2B63673100382506 /* CharacterScreen */,
				5660553C2B7238F6004615B3 /* EpisodeDetail */,
				5634B5B82B63687100382506 /* EpisodeScreen */,
				566055652B78E379004615B3 /* LocationDetail */,
				5634B5B92B63688800382506 /* LocationScreen */,
				567B811C2B627273005F676D /* MainTabbar */,
				5634B5BA2B63689200382506 /* SettingScreen */,
			);
			path = Modules;
			sourceTree = "<group>";
		};
		567B811C2B627273005F676D /* MainTabbar */ = {
			isa = PBXGroup;
			children = (
				5634B5EB2B63720400382506 /* MainTabbarView.storyboard */,
				5634B5ED2B63723200382506 /* MainTabbarView.swift */,
				567B81252B6272FA005F676D /* MainTabbarPresenter.swift */,
				567B81272B627310005F676D /* MainTabbarInteractor.swift */,
				567B81292B627323005F676D /* MainTabbarEntity.swift */,
				567B812B2B627331005F676D /* MainTabbarRouter.swift */,
			);
			path = MainTabbar;
			sourceTree = "<group>";
		};
		567B81472B6292A2005F676D /* App */ = {
			isa = PBXGroup;
			children = (
				567B81072B6271C6005F676D /* AppDelegate.swift */,
				567B81092B6271C6005F676D /* SceneDelegate.swift */,
			);
			path = App;
			sourceTree = "<group>";
		};
		567B81482B6292B1005F676D /* Resources */ = {
			isa = PBXGroup;
			children = (
				567B81102B6271C8005F676D /* Assets.xcassets */,
				567B81122B6271C8005F676D /* LaunchScreen.storyboard */,
			);
			path = Resources;
			sourceTree = "<group>";
		};
		567B81492B6292E4005F676D /* Common */ = {
			isa = PBXGroup;
			children = (
				5634B5EF2B638AF600382506 /* BaseModule */,
				561FD1912B70C65800D2B5E0 /* Cells */,
				56BB54DE2B63B24600EEEA2C /* Managers */,
				56E4661D2B6E773100BB9EFD /* Spinner */,
				56E4660B2B6CC30700BB9EFD /* Others */,
			);
			path = Common;
			sourceTree = "<group>";
		};
		567B814A2B6292EC005F676D /* Extension */ = {
			isa = PBXGroup;
			children = (
			);
			path = Extension;
			sourceTree = "<group>";
		};
		567B814B2B6292FB005F676D /* Networking */ = {
			isa = PBXGroup;
			children = (
				56BB54D82B63AFA900EEEA2C /* Endpoint.swift */,
				56BB54DA2B63B00100EEEA2C /* Request.swift */,
				56BB54DC2B63B00F00EEEA2C /* ApiManager.swift */,
			);
			path = Networking;
			sourceTree = "<group>";
		};
		569970042B79BC5900F19046 /* SingleSettingCell */ = {
			isa = PBXGroup;
			children = (
				569970052B79BCAC00F19046 /* SingleSettingTableViewCell.swift */,
				569970062B79BCAC00F19046 /* SingleSettingTableViewCell.xib */,
			);
			path = SingleSettingCell;
			sourceTree = "<group>";
		};
		56BB54D22B6394A200EEEA2C /* View */ = {
			isa = PBXGroup;
			children = (
				56BB54D32B6394B300EEEA2C /* CharacterViewCell */,
				5634B5AF2B63674500382506 /* CharacterScreenView.swift */,
				5634B5B62B63680300382506 /* CharacterScreenView.storyboard */,
			);
			path = View;
			sourceTree = "<group>";
		};
		56BB54D32B6394B300EEEA2C /* CharacterViewCell */ = {
			isa = PBXGroup;
			children = (
				56BB54D42B6394DE00EEEA2C /* CharacterCollectionViewCell.swift */,
				56BB54D52B6394DE00EEEA2C /* CharacterCollectionViewCell.xib */,
			);
			path = CharacterViewCell;
			sourceTree = "<group>";
		};
		56BB54DE2B63B24600EEEA2C /* Managers */ = {
			isa = PBXGroup;
			children = (
			);
			path = Managers;
			sourceTree = "<group>";
		};
		56E4660B2B6CC30700BB9EFD /* Others */ = {
			isa = PBXGroup;
			children = (
				56BB54DF2B63B25D00EEEA2C /* RMCacheManager.swift */,
				56E4660E2B6CC4A200BB9EFD /* RMConstants.swift */,
				56E4660C2B6CC32D00BB9EFD /* RMImageLoader.swift */,
			);
			path = Others;
			sourceTree = "<group>";
		};
		56E466102B6CE62300BB9EFD /* CharacterDetail */ = {
			isa = PBXGroup;
			children = (
				5660553B2B721509004615B3 /* View */,
				56E466112B6CE66500BB9EFD /* CharacterDetailPresenter.swift */,
				56E466132B6CE66500BB9EFD /* CharacterDetailInteractor.swift */,
				56E466122B6CE66500BB9EFD /* CharacterDetailRouter.swift */,
				56E466152B6CE66500BB9EFD /* CharacterDetailEntity.swift */,
			);
			path = CharacterDetail;
			sourceTree = "<group>";
		};
		56E4661D2B6E773100BB9EFD /* Spinner */ = {
			isa = PBXGroup;
			children = (
				56E4661E2B6E777800BB9EFD /* RMFooterLoadingCollectionReusableView.swift */,
			);
			path = Spinner;
			sourceTree = "<group>";
		};
		F2EB87BEBC1FC428E63E8103 /* Pods */ = {
			isa = PBXGroup;
			children = (
				9616BB236A2C3E63692457A2 /* Pods-rickmorty-viper.debug.xcconfig */,
				FA12621864962756E34B82C5 /* Pods-rickmorty-viper.release.xcconfig */,
			);
			path = Pods;
			sourceTree = "<group>";
		};
/* End PBXGroup section */

/* Begin PBXNativeTarget section */
		567B81032B6271C6005F676D /* rickmorty-viper */ = {
			isa = PBXNativeTarget;
			buildConfigurationList = 567B81182B6271C8005F676D /* Build configuration list for PBXNativeTarget "rickmorty-viper" */;
			buildPhases = (
				972CBE3CE1E98C49205E69CB /* [CP] Check Pods Manifest.lock */,
				567B81002B6271C6005F676D /* Sources */,
				567B81012B6271C6005F676D /* Frameworks */,
				567B81022B6271C6005F676D /* Resources */,
				3A7ACDE52829B234643FA555 /* [CP] Embed Pods Frameworks */,
			);
			buildRules = (
			);
			dependencies = (
			);
			name = "rickmorty-viper";
			productName = "rickmorty-viper";
			productReference = 567B81042B6271C6005F676D /* rickmorty-viper.app */;
			productType = "com.apple.product-type.application";
		};
/* End PBXNativeTarget section */

/* Begin PBXProject section */
		567B80FC2B6271C6005F676D /* Project object */ = {
			isa = PBXProject;
			attributes = {
				BuildIndependentTargetsInParallel = 1;
				LastSwiftUpdateCheck = 1520;
				LastUpgradeCheck = 1520;
				TargetAttributes = {
					567B81032B6271C6005F676D = {
						CreatedOnToolsVersion = 15.2;
					};
				};
			};
			buildConfigurationList = 567B80FF2B6271C6005F676D /* Build configuration list for PBXProject "rickmorty-viper" */;
			compatibilityVersion = "Xcode 14.0";
			developmentRegion = en;
			hasScannedForEncodings = 0;
			knownRegions = (
				en,
				Base,
			);
			mainGroup = 567B80FB2B6271C6005F676D;
			productRefGroup = 567B81052B6271C6005F676D /* Products */;
			projectDirPath = "";
			projectRoot = "";
			targets = (
				567B81032B6271C6005F676D /* rickmorty-viper */,
			);
		};
/* End PBXProject section */

/* Begin PBXResourcesBuildPhase section */
		567B81022B6271C6005F676D /* Resources */ = {
			isa = PBXResourcesBuildPhase;
			buildActionMask = 2147483647;
			files = (
				562FA8772B71D8C00079E3A1 /* SingleInfoCollectionViewCell.xib in Resources */,
				5634B5B72B63680300382506 /* CharacterScreenView.storyboard in Resources */,
				569970082B79BCAC00F19046 /* SingleSettingTableViewCell.xib in Resources */,
				5634B5DC2B6368F200382506 /* LocationScreenView.storyboard in Resources */,
				5660553A2B720E9E004615B3 /* CharacterDetailEpisodeCollectionViewCell.xib in Resources */,
				562FA87C2B71DB800079E3A1 /* CharacterInfoCollectionViewCell.xib in Resources */,
				5634B5DE2B63690600382506 /* SettingScreenView.storyboard in Resources */,
				566055562B75124A004615B3 /* LocationTableViewCell.xib in Resources */,
				5634B5DA2B6368DB00382506 /* EpisodeScreenView.storyboard in Resources */,
				561FD1902B70C22100D2B5E0 /* CharacterDetailPhotoCollectionViewCell.xib in Resources */,
				566055712B78E3A0004615B3 /* LocationDetailView.storyboard in Resources */,
				56BB54D72B6394DE00EEEA2C /* CharacterCollectionViewCell.xib in Resources */,
				5634B5EC2B63720400382506 /* MainTabbarView.storyboard in Resources */,
				567B81142B6271C8005F676D /* LaunchScreen.storyboard in Resources */,
				566055502B733CAE004615B3 /* EpisodeDetailView.storyboard in Resources */,
				561FD1962B70C68500D2B5E0 /* EpisodeCollectionViewCell.xib in Resources */,
				567B81112B6271C8005F676D /* Assets.xcassets in Resources */,
				56E4661C2B6CE67100BB9EFD /* CharacterDetailView.storyboard in Resources */,
			);
			runOnlyForDeploymentPostprocessing = 0;
		};
/* End PBXResourcesBuildPhase section */

/* Begin PBXShellScriptBuildPhase section */
		3A7ACDE52829B234643FA555 /* [CP] Embed Pods Frameworks */ = {
			isa = PBXShellScriptBuildPhase;
			buildActionMask = 2147483647;
			files = (
			);
			inputFileListPaths = (
				"${PODS_ROOT}/Target Support Files/Pods-rickmorty-viper/Pods-rickmorty-viper-frameworks-${CONFIGURATION}-input-files.xcfilelist",
			);
			name = "[CP] Embed Pods Frameworks";
			outputFileListPaths = (
				"${PODS_ROOT}/Target Support Files/Pods-rickmorty-viper/Pods-rickmorty-viper-frameworks-${CONFIGURATION}-output-files.xcfilelist",
			);
			runOnlyForDeploymentPostprocessing = 0;
			shellPath = /bin/sh;
			shellScript = "\"${PODS_ROOT}/Target Support Files/Pods-rickmorty-viper/Pods-rickmorty-viper-frameworks.sh\"\n";
			showEnvVarsInLog = 0;
		};
		972CBE3CE1E98C49205E69CB /* [CP] Check Pods Manifest.lock */ = {
			isa = PBXShellScriptBuildPhase;
			buildActionMask = 2147483647;
			files = (
			);
			inputFileListPaths = (
			);
			inputPaths = (
				"${PODS_PODFILE_DIR_PATH}/Podfile.lock",
				"${PODS_ROOT}/Manifest.lock",
			);
			name = "[CP] Check Pods Manifest.lock";
			outputFileListPaths = (
			);
			outputPaths = (
				"$(DERIVED_FILE_DIR)/Pods-rickmorty-viper-checkManifestLockResult.txt",
			);
			runOnlyForDeploymentPostprocessing = 0;
			shellPath = /bin/sh;
			shellScript = "diff \"${PODS_PODFILE_DIR_PATH}/Podfile.lock\" \"${PODS_ROOT}/Manifest.lock\" > /dev/null\nif [ $? != 0 ] ; then\n    # print error to STDERR\n    echo \"error: The sandbox is not in sync with the Podfile.lock. Run 'pod install' or update your CocoaPods installation.\" >&2\n    exit 1\nfi\n# This output is used by Xcode 'outputs' to avoid re-running this script phase.\necho \"SUCCESS\" > \"${SCRIPT_OUTPUT_FILE_0}\"\n";
			showEnvVarsInLog = 0;
		};
/* End PBXShellScriptBuildPhase section */

/* Begin PBXSourcesBuildPhase section */
		567B81002B6271C6005F676D /* Sources */ = {
			isa = PBXSourcesBuildPhase;
			buildActionMask = 2147483647;
			files = (
				56BB54DD2B63B00F00EEEA2C /* ApiManager.swift in Sources */,
				5660554C2B733408004615B3 /* EpisodeDetailEntity.swift in Sources */,
				5634B5C22B6368B400382506 /* SettingScreenInteractor.swift in Sources */,
				5634B5CD2B6368C200382506 /* LocationScreenView.swift in Sources */,
				5634B5C02B6368B400382506 /* SettingScreenPresenter.swift in Sources */,
				5634B5B22B63674500382506 /* CharacterScreenRouter.swift in Sources */,
				56E466182B6CE66500BB9EFD /* CharacterDetailInteractor.swift in Sources */,
				56BB54D92B63AFA900EEEA2C /* Endpoint.swift in Sources */,
				56E4660A2B6C97E000BB9EFD /* BaseInteractor.swift in Sources */,
				567B812C2B627331005F676D /* MainTabbarRouter.swift in Sources */,
				566055392B720E9E004615B3 /* CharacterDetailEpisodeCollectionViewCell.swift in Sources */,
				56E4661A2B6CE66500BB9EFD /* CharacterDetailEntity.swift in Sources */,
				5660556F2B78E392004615B3 /* LocationDetailEntity.swift in Sources */,
				56BB54DB2B63B00100EEEA2C /* Request.swift in Sources */,
				5660556D2B78E392004615B3 /* LocationDetailInteractor.swift in Sources */,
				5634B5F12B638B0600382506 /* BaseViewController.swift in Sources */,
				561FD1952B70C68500D2B5E0 /* EpisodeCollectionViewCell.swift in Sources */,
				5634B5B32B63674500382506 /* CharacterScreenInteractor.swift in Sources */,
				562FA8762B71D8C00079E3A1 /* SingleInfoCollectionViewCell.swift in Sources */,
				5634B5D62B6368CF00382506 /* EpisodeScreenInteractor.swift in Sources */,
				567B81082B6271C6005F676D /* AppDelegate.swift in Sources */,
				5634B5D42B6368CF00382506 /* EpisodeScreenPresenter.swift in Sources */,
				56E4660D2B6CC32D00BB9EFD /* RMImageLoader.swift in Sources */,
				56E466082B6C979C00BB9EFD /* BasePresenter.swift in Sources */,
				5634B5CE2B6368C200382506 /* LocationScreenEntity.swift in Sources */,
				56E466162B6CE66500BB9EFD /* CharacterDetailPresenter.swift in Sources */,
				5660556B2B78E392004615B3 /* LocationDetailPresenter.swift in Sources */,
				561FD18F2B70C22100D2B5E0 /* CharacterDetailPhotoCollectionViewCell.swift in Sources */,
				5634B5B52B63674500382506 /* CharacterScreenEntity.swift in Sources */,
				5634B5CB2B6368C200382506 /* LocationScreenRouter.swift in Sources */,
				56E4661F2B6E777800BB9EFD /* RMFooterLoadingCollectionReusableView.swift in Sources */,
				5660556E2B78E392004615B3 /* LocationDetailView.swift in Sources */,
				569970072B79BCAC00F19046 /* SingleSettingTableViewCell.swift in Sources */,
				5634B5D72B6368CF00382506 /* EpisodeScreenView.swift in Sources */,
				567B81262B6272FA005F676D /* MainTabbarPresenter.swift in Sources */,
				5634B5D82B6368CF00382506 /* EpisodeScreenEntity.swift in Sources */,
				5634B5C42B6368B400382506 /* SettingScreenEntity.swift in Sources */,
				56BB54D62B6394DE00EEEA2C /* CharacterCollectionViewCell.swift in Sources */,
				5660556C2B78E392004615B3 /* LocationDetailRouter.swift in Sources */,
				567B812A2B627323005F676D /* MainTabbarEntity.swift in Sources */,
				5634B5C12B6368B400382506 /* SettingScreenRouter.swift in Sources */,
				5634B5C32B6368B400382506 /* SettingScreenView.swift in Sources */,
				56E466172B6CE66500BB9EFD /* CharacterDetailRouter.swift in Sources */,
				5634B5EE2B63723200382506 /* MainTabbarView.swift in Sources */,
				5660554B2B733408004615B3 /* EpisodeDetailView.swift in Sources */,
				562FA87B2B71DB800079E3A1 /* CharacterInfoCollectionViewCell.swift in Sources */,
				5634B5CA2B6368C200382506 /* LocationScreenPresenter.swift in Sources */,
				567B81282B627310005F676D /* MainTabbarInteractor.swift in Sources */,
				56E4660F2B6CC4A200BB9EFD /* RMConstants.swift in Sources */,
				5634B5B42B63674500382506 /* CharacterScreenView.swift in Sources */,
				56BB54E02B63B25D00EEEA2C /* RMCacheManager.swift in Sources */,
				56E466192B6CE66500BB9EFD /* CharacterDetailView.swift in Sources */,
				5634B5CC2B6368C200382506 /* LocationScreenInteractor.swift in Sources */,
				5634B5B12B63674500382506 /* CharacterScreenPresenter.swift in Sources */,
				566055552B75124A004615B3 /* LocationTableViewCell.swift in Sources */,
				5634B5D52B6368CF00382506 /* EpisodeScreenRouter.swift in Sources */,
				5660554A2B733408004615B3 /* EpisodeDetailInteractor.swift in Sources */,
				566055492B733408004615B3 /* EpisodeDetailRouter.swift in Sources */,
				566055482B733408004615B3 /* EpisodeDetailPresenter.swift in Sources */,
				567B810A2B6271C6005F676D /* SceneDelegate.swift in Sources */,
			);
			runOnlyForDeploymentPostprocessing = 0;
		};
/* End PBXSourcesBuildPhase section */

/* Begin PBXVariantGroup section */
		567B81122B6271C8005F676D /* LaunchScreen.storyboard */ = {
			isa = PBXVariantGroup;
			children = (
				567B81132B6271C8005F676D /* Base */,
			);
			name = LaunchScreen.storyboard;
			sourceTree = "<group>";
		};
/* End PBXVariantGroup section */

/* Begin XCBuildConfiguration section */
		567B81162B6271C8005F676D /* Debug */ = {
			isa = XCBuildConfiguration;
			buildSettings = {
				ALWAYS_SEARCH_USER_PATHS = NO;
				ASSETCATALOG_COMPILER_GENERATE_SWIFT_ASSET_SYMBOL_EXTENSIONS = YES;
				CLANG_ANALYZER_NONNULL = YES;
				CLANG_ANALYZER_NUMBER_OBJECT_CONVERSION = YES_AGGRESSIVE;
				CLANG_CXX_LANGUAGE_STANDARD = "gnu++20";
				CLANG_ENABLE_MODULES = YES;
				CLANG_ENABLE_OBJC_ARC = YES;
				CLANG_ENABLE_OBJC_WEAK = YES;
				CLANG_WARN_BLOCK_CAPTURE_AUTORELEASING = YES;
				CLANG_WARN_BOOL_CONVERSION = YES;
				CLANG_WARN_COMMA = YES;
				CLANG_WARN_CONSTANT_CONVERSION = YES;
				CLANG_WARN_DEPRECATED_OBJC_IMPLEMENTATIONS = YES;
				CLANG_WARN_DIRECT_OBJC_ISA_USAGE = YES_ERROR;
				CLANG_WARN_DOCUMENTATION_COMMENTS = YES;
				CLANG_WARN_EMPTY_BODY = YES;
				CLANG_WARN_ENUM_CONVERSION = YES;
				CLANG_WARN_INFINITE_RECURSION = YES;
				CLANG_WARN_INT_CONVERSION = YES;
				CLANG_WARN_NON_LITERAL_NULL_CONVERSION = YES;
				CLANG_WARN_OBJC_IMPLICIT_RETAIN_SELF = YES;
				CLANG_WARN_OBJC_LITERAL_CONVERSION = YES;
				CLANG_WARN_OBJC_ROOT_CLASS = YES_ERROR;
				CLANG_WARN_QUOTED_INCLUDE_IN_FRAMEWORK_HEADER = YES;
				CLANG_WARN_RANGE_LOOP_ANALYSIS = YES;
				CLANG_WARN_STRICT_PROTOTYPES = YES;
				CLANG_WARN_SUSPICIOUS_MOVE = YES;
				CLANG_WARN_UNGUARDED_AVAILABILITY = YES_AGGRESSIVE;
				CLANG_WARN_UNREACHABLE_CODE = YES;
				CLANG_WARN__DUPLICATE_METHOD_MATCH = YES;
				COPY_PHASE_STRIP = NO;
				DEBUG_INFORMATION_FORMAT = dwarf;
				ENABLE_STRICT_OBJC_MSGSEND = YES;
				ENABLE_TESTABILITY = YES;
				ENABLE_USER_SCRIPT_SANDBOXING = YES;
				GCC_C_LANGUAGE_STANDARD = gnu17;
				GCC_DYNAMIC_NO_PIC = NO;
				GCC_NO_COMMON_BLOCKS = YES;
				GCC_OPTIMIZATION_LEVEL = 0;
				GCC_PREPROCESSOR_DEFINITIONS = (
					"DEBUG=1",
					"$(inherited)",
				);
				GCC_WARN_64_TO_32_BIT_CONVERSION = YES;
				GCC_WARN_ABOUT_RETURN_TYPE = YES_ERROR;
				GCC_WARN_UNDECLARED_SELECTOR = YES;
				GCC_WARN_UNINITIALIZED_AUTOS = YES_AGGRESSIVE;
				GCC_WARN_UNUSED_FUNCTION = YES;
				GCC_WARN_UNUSED_VARIABLE = YES;
				IPHONEOS_DEPLOYMENT_TARGET = 17.2;
				LOCALIZATION_PREFERS_STRING_CATALOGS = YES;
				MTL_ENABLE_DEBUG_INFO = INCLUDE_SOURCE;
				MTL_FAST_MATH = YES;
				ONLY_ACTIVE_ARCH = YES;
				SDKROOT = iphoneos;
				SWIFT_ACTIVE_COMPILATION_CONDITIONS = "DEBUG $(inherited)";
				SWIFT_OPTIMIZATION_LEVEL = "-Onone";
			};
			name = Debug;
		};
		567B81172B6271C8005F676D /* Release */ = {
			isa = XCBuildConfiguration;
			buildSettings = {
				ALWAYS_SEARCH_USER_PATHS = NO;
				ASSETCATALOG_COMPILER_GENERATE_SWIFT_ASSET_SYMBOL_EXTENSIONS = YES;
				CLANG_ANALYZER_NONNULL = YES;
				CLANG_ANALYZER_NUMBER_OBJECT_CONVERSION = YES_AGGRESSIVE;
				CLANG_CXX_LANGUAGE_STANDARD = "gnu++20";
				CLANG_ENABLE_MODULES = YES;
				CLANG_ENABLE_OBJC_ARC = YES;
				CLANG_ENABLE_OBJC_WEAK = YES;
				CLANG_WARN_BLOCK_CAPTURE_AUTORELEASING = YES;
				CLANG_WARN_BOOL_CONVERSION = YES;
				CLANG_WARN_COMMA = YES;
				CLANG_WARN_CONSTANT_CONVERSION = YES;
				CLANG_WARN_DEPRECATED_OBJC_IMPLEMENTATIONS = YES;
				CLANG_WARN_DIRECT_OBJC_ISA_USAGE = YES_ERROR;
				CLANG_WARN_DOCUMENTATION_COMMENTS = YES;
				CLANG_WARN_EMPTY_BODY = YES;
				CLANG_WARN_ENUM_CONVERSION = YES;
				CLANG_WARN_INFINITE_RECURSION = YES;
				CLANG_WARN_INT_CONVERSION = YES;
				CLANG_WARN_NON_LITERAL_NULL_CONVERSION = YES;
				CLANG_WARN_OBJC_IMPLICIT_RETAIN_SELF = YES;
				CLANG_WARN_OBJC_LITERAL_CONVERSION = YES;
				CLANG_WARN_OBJC_ROOT_CLASS = YES_ERROR;
				CLANG_WARN_QUOTED_INCLUDE_IN_FRAMEWORK_HEADER = YES;
				CLANG_WARN_RANGE_LOOP_ANALYSIS = YES;
				CLANG_WARN_STRICT_PROTOTYPES = YES;
				CLANG_WARN_SUSPICIOUS_MOVE = YES;
				CLANG_WARN_UNGUARDED_AVAILABILITY = YES_AGGRESSIVE;
				CLANG_WARN_UNREACHABLE_CODE = YES;
				CLANG_WARN__DUPLICATE_METHOD_MATCH = YES;
				COPY_PHASE_STRIP = NO;
				DEBUG_INFORMATION_FORMAT = "dwarf-with-dsym";
				ENABLE_NS_ASSERTIONS = NO;
				ENABLE_STRICT_OBJC_MSGSEND = YES;
				ENABLE_USER_SCRIPT_SANDBOXING = YES;
				GCC_C_LANGUAGE_STANDARD = gnu17;
				GCC_NO_COMMON_BLOCKS = YES;
				GCC_WARN_64_TO_32_BIT_CONVERSION = YES;
				GCC_WARN_ABOUT_RETURN_TYPE = YES_ERROR;
				GCC_WARN_UNDECLARED_SELECTOR = YES;
				GCC_WARN_UNINITIALIZED_AUTOS = YES_AGGRESSIVE;
				GCC_WARN_UNUSED_FUNCTION = YES;
				GCC_WARN_UNUSED_VARIABLE = YES;
				IPHONEOS_DEPLOYMENT_TARGET = 17.2;
				LOCALIZATION_PREFERS_STRING_CATALOGS = YES;
				MTL_ENABLE_DEBUG_INFO = NO;
				MTL_FAST_MATH = YES;
				SDKROOT = iphoneos;
				SWIFT_COMPILATION_MODE = wholemodule;
				VALIDATE_PRODUCT = YES;
			};
			name = Release;
		};
		567B81192B6271C8005F676D /* Debug */ = {
			isa = XCBuildConfiguration;
			baseConfigurationReference = 9616BB236A2C3E63692457A2 /* Pods-rickmorty-viper.debug.xcconfig */;
			buildSettings = {
				ASSETCATALOG_COMPILER_APPICON_NAME = AppIcon;
				ASSETCATALOG_COMPILER_GLOBAL_ACCENT_COLOR_NAME = AccentColor;
				CODE_SIGN_STYLE = Automatic;
				CURRENT_PROJECT_VERSION = 1;
				DEVELOPMENT_TEAM = KFD27J2TGQ;
				ENABLE_USER_SCRIPT_SANDBOXING = NO;
				GENERATE_INFOPLIST_FILE = YES;
				INFOPLIST_FILE = "rickmorty-viper/Info.plist";
				INFOPLIST_KEY_UIApplicationSupportsIndirectInputEvents = YES;
				INFOPLIST_KEY_UILaunchStoryboardName = LaunchScreen;
				INFOPLIST_KEY_UISupportedInterfaceOrientations_iPad = "UIInterfaceOrientationPortrait UIInterfaceOrientationPortraitUpsideDown UIInterfaceOrientationLandscapeLeft UIInterfaceOrientationLandscapeRight";
				INFOPLIST_KEY_UISupportedInterfaceOrientations_iPhone = "UIInterfaceOrientationPortrait UIInterfaceOrientationLandscapeLeft UIInterfaceOrientationLandscapeRight";
				LD_RUNPATH_SEARCH_PATHS = (
					"$(inherited)",
					"@executable_path/Frameworks",
				);
				MARKETING_VERSION = 1.0;
				PRODUCT_BUNDLE_IDENTIFIER = "com.rsilitonga112.rickmorty-viper";
				PRODUCT_NAME = "$(TARGET_NAME)";
				SWIFT_EMIT_LOC_STRINGS = YES;
				SWIFT_VERSION = 5.0;
				TARGETED_DEVICE_FAMILY = "1,2";
			};
			name = Debug;
		};
		567B811A2B6271C8005F676D /* Release */ = {
			isa = XCBuildConfiguration;
			baseConfigurationReference = FA12621864962756E34B82C5 /* Pods-rickmorty-viper.release.xcconfig */;
			buildSettings = {
				ASSETCATALOG_COMPILER_APPICON_NAME = AppIcon;
				ASSETCATALOG_COMPILER_GLOBAL_ACCENT_COLOR_NAME = AccentColor;
				CODE_SIGN_STYLE = Automatic;
				CURRENT_PROJECT_VERSION = 1;
				DEVELOPMENT_TEAM = KFD27J2TGQ;
				ENABLE_USER_SCRIPT_SANDBOXING = NO;
				GENERATE_INFOPLIST_FILE = YES;
				INFOPLIST_FILE = "rickmorty-viper/Info.plist";
				INFOPLIST_KEY_UIApplicationSupportsIndirectInputEvents = YES;
				INFOPLIST_KEY_UILaunchStoryboardName = LaunchScreen;
				INFOPLIST_KEY_UISupportedInterfaceOrientations_iPad = "UIInterfaceOrientationPortrait UIInterfaceOrientationPortraitUpsideDown UIInterfaceOrientationLandscapeLeft UIInterfaceOrientationLandscapeRight";
				INFOPLIST_KEY_UISupportedInterfaceOrientations_iPhone = "UIInterfaceOrientationPortrait UIInterfaceOrientationLandscapeLeft UIInterfaceOrientationLandscapeRight";
				LD_RUNPATH_SEARCH_PATHS = (
					"$(inherited)",
					"@executable_path/Frameworks",
				);
				MARKETING_VERSION = 1.0;
				PRODUCT_BUNDLE_IDENTIFIER = "com.rsilitonga112.rickmorty-viper";
				PRODUCT_NAME = "$(TARGET_NAME)";
				SWIFT_EMIT_LOC_STRINGS = YES;
				SWIFT_VERSION = 5.0;
				TARGETED_DEVICE_FAMILY = "1,2";
			};
			name = Release;
		};
/* End XCBuildConfiguration section */

/* Begin XCConfigurationList section */
		567B80FF2B6271C6005F676D /* Build configuration list for PBXProject "rickmorty-viper" */ = {
			isa = XCConfigurationList;
			buildConfigurations = (
				567B81162B6271C8005F676D /* Debug */,
				567B81172B6271C8005F676D /* Release */,
			);
			defaultConfigurationIsVisible = 0;
			defaultConfigurationName = Release;
		};
		567B81182B6271C8005F676D /* Build configuration list for PBXNativeTarget "rickmorty-viper" */ = {
			isa = XCConfigurationList;
			buildConfigurations = (
				567B81192B6271C8005F676D /* Debug */,
				567B811A2B6271C8005F676D /* Release */,
			);
			defaultConfigurationIsVisible = 0;
			defaultConfigurationName = Release;
		};
/* End XCConfigurationList section */
	};
	rootObject = 567B80FC2B6271C6005F676D /* Project object */;
}
