// !$*UTF8*$!
{
	archiveVersion = 1;
	classes = {
	};
	objectVersion = 56;
	objects = {

/* Begin PBXBuildFile section */
		567B81082B6271C6005F676D /* AppDelegate.swift in Sources */ = {isa = PBXBuildFile; fileRef = 567B81072B6271C6005F676D /* AppDelegate.swift */; };
		567B810A2B6271C6005F676D /* SceneDelegate.swift in Sources */ = {isa = PBXBuildFile; fileRef = 567B81092B6271C6005F676D /* SceneDelegate.swift */; };
		567B81112B6271C8005F676D /* Assets.xcassets in Resources */ = {isa = PBXBuildFile; fileRef = 567B81102B6271C8005F676D /* Assets.xcassets */; };
		567B81142B6271C8005F676D /* LaunchScreen.storyboard in Resources */ = {isa = PBXBuildFile; fileRef = 567B81122B6271C8005F676D /* LaunchScreen.storyboard */; };
		567B81232B6272E0005F676D /* MainTabbarView.swift in Sources */ = {isa = PBXBuildFile; fileRef = 567B81212B6272E0005F676D /* MainTabbarView.swift */; };
		567B81262B6272FA005F676D /* MainTabbarPresenter.swift in Sources */ = {isa = PBXBuildFile; fileRef = 567B81252B6272FA005F676D /* MainTabbarPresenter.swift */; };
		567B81282B627310005F676D /* MainTabbarInteractor.swift in Sources */ = {isa = PBXBuildFile; fileRef = 567B81272B627310005F676D /* MainTabbarInteractor.swift */; };
		567B812A2B627323005F676D /* MainTabbarEntity.swift in Sources */ = {isa = PBXBuildFile; fileRef = 567B81292B627323005F676D /* MainTabbarEntity.swift */; };
		567B812C2B627331005F676D /* MainTabbarRouter.swift in Sources */ = {isa = PBXBuildFile; fileRef = 567B812B2B627331005F676D /* MainTabbarRouter.swift */; };
		567B81392B627424005F676D /* CharacterScreenView.swift in Sources */ = {isa = PBXBuildFile; fileRef = 567B81372B627424005F676D /* CharacterScreenView.swift */; };
		567B813C2B627432005F676D /* CharacterScreenPresenter.swift in Sources */ = {isa = PBXBuildFile; fileRef = 567B813B2B627432005F676D /* CharacterScreenPresenter.swift */; };
		567B813E2B627489005F676D /* CharacterScreenInteractor.swift in Sources */ = {isa = PBXBuildFile; fileRef = 567B813D2B627489005F676D /* CharacterScreenInteractor.swift */; };
		567B81402B627498005F676D /* CharacterScreenEntity.swift in Sources */ = {isa = PBXBuildFile; fileRef = 567B813F2B627498005F676D /* CharacterScreenEntity.swift */; };
		567B81422B6274AB005F676D /* CharacterScreenRouter.swift in Sources */ = {isa = PBXBuildFile; fileRef = 567B81412B6274AB005F676D /* CharacterScreenRouter.swift */; };
		567B81442B629133005F676D /* MainTabbarView.storyboard in Resources */ = {isa = PBXBuildFile; fileRef = 567B81432B629133005F676D /* MainTabbarView.storyboard */; };
		567B81462B6291D6005F676D /* CharacterScreenView.storyboard in Resources */ = {isa = PBXBuildFile; fileRef = 567B81452B6291D6005F676D /* CharacterScreenView.storyboard */; };
		567B81502B629526005F676D /* EpisodeScreenView.swift in Sources */ = {isa = PBXBuildFile; fileRef = 567B814F2B629526005F676D /* EpisodeScreenView.swift */; };
		567B81522B62952E005F676D /* EpisodeScreenView.storyboard in Resources */ = {isa = PBXBuildFile; fileRef = 567B81512B62952E005F676D /* EpisodeScreenView.storyboard */; };
		567B81542B62963A005F676D /* EpisodeScreenPresenter.swift in Sources */ = {isa = PBXBuildFile; fileRef = 567B81532B62963A005F676D /* EpisodeScreenPresenter.swift */; };
		567B81562B62965C005F676D /* EpisodeScreenInteractor.swift in Sources */ = {isa = PBXBuildFile; fileRef = 567B81552B62965C005F676D /* EpisodeScreenInteractor.swift */; };
		567B81582B62967E005F676D /* EpisodeScreenRouter.swift in Sources */ = {isa = PBXBuildFile; fileRef = 567B81572B62967E005F676D /* EpisodeScreenRouter.swift */; };
		567B815A2B629751005F676D /* LocationScreenView.swift in Sources */ = {isa = PBXBuildFile; fileRef = 567B81592B629751005F676D /* LocationScreenView.swift */; };
		567B815C2B629760005F676D /* LocationScreenView.storyboard in Resources */ = {isa = PBXBuildFile; fileRef = 567B815B2B629760005F676D /* LocationScreenView.storyboard */; };
		567B815E2B62977E005F676D /* LocationScreenPresenter.swift in Sources */ = {isa = PBXBuildFile; fileRef = 567B815D2B62977E005F676D /* LocationScreenPresenter.swift */; };
		567B81602B629790005F676D /* LocationScreenInteractor.swift in Sources */ = {isa = PBXBuildFile; fileRef = 567B815F2B629790005F676D /* LocationScreenInteractor.swift */; };
		567B81622B629798005F676D /* LocationScreenEntity.swift in Sources */ = {isa = PBXBuildFile; fileRef = 567B81612B629798005F676D /* LocationScreenEntity.swift */; };
		567B81642B62979F005F676D /* LocationScreenRouter.swift in Sources */ = {isa = PBXBuildFile; fileRef = 567B81632B62979F005F676D /* LocationScreenRouter.swift */; };
		567B81662B629802005F676D /* EpisodeScreenEntity.swift in Sources */ = {isa = PBXBuildFile; fileRef = 567B81652B629802005F676D /* EpisodeScreenEntity.swift */; };
		567B81682B629842005F676D /* SettingScreenView.swift in Sources */ = {isa = PBXBuildFile; fileRef = 567B81672B629842005F676D /* SettingScreenView.swift */; };
		567B816B2B62985B005F676D /* SettingScreenView.storyboard in Resources */ = {isa = PBXBuildFile; fileRef = 567B816A2B62985B005F676D /* SettingScreenView.storyboard */; };
		567B816D2B629873005F676D /* SettingScreenPresenter.swift in Sources */ = {isa = PBXBuildFile; fileRef = 567B816C2B629873005F676D /* SettingScreenPresenter.swift */; };
		567B816F2B62988E005F676D /* SettingScreenInteractor.swift in Sources */ = {isa = PBXBuildFile; fileRef = 567B816E2B62988E005F676D /* SettingScreenInteractor.swift */; };
		567B81712B6298A2005F676D /* SettingScreenEntity.swift in Sources */ = {isa = PBXBuildFile; fileRef = 567B81702B6298A2005F676D /* SettingScreenEntity.swift */; };
		567B81732B6298B2005F676D /* SettingScreenRouter.swift in Sources */ = {isa = PBXBuildFile; fileRef = 567B81722B6298B2005F676D /* SettingScreenRouter.swift */; };
/* End PBXBuildFile section */

/* Begin PBXFileReference section */
		567B81042B6271C6005F676D /* rickmorty-viper.app */ = {isa = PBXFileReference; explicitFileType = wrapper.application; includeInIndex = 0; path = "rickmorty-viper.app"; sourceTree = BUILT_PRODUCTS_DIR; };
		567B81072B6271C6005F676D /* AppDelegate.swift */ = {isa = PBXFileReference; lastKnownFileType = sourcecode.swift; path = AppDelegate.swift; sourceTree = "<group>"; };
		567B81092B6271C6005F676D /* SceneDelegate.swift */ = {isa = PBXFileReference; lastKnownFileType = sourcecode.swift; path = SceneDelegate.swift; sourceTree = "<group>"; };
		567B81102B6271C8005F676D /* Assets.xcassets */ = {isa = PBXFileReference; lastKnownFileType = folder.assetcatalog; path = Assets.xcassets; sourceTree = "<group>"; };
		567B81132B6271C8005F676D /* Base */ = {isa = PBXFileReference; lastKnownFileType = file.storyboard; name = Base; path = Base.lproj/LaunchScreen.storyboard; sourceTree = "<group>"; };
		567B81152B6271C8005F676D /* Info.plist */ = {isa = PBXFileReference; lastKnownFileType = text.plist.xml; path = Info.plist; sourceTree = "<group>"; };
		567B81212B6272E0005F676D /* MainTabbarView.swift */ = {isa = PBXFileReference; lastKnownFileType = sourcecode.swift; path = MainTabbarView.swift; sourceTree = "<group>"; };
		567B81252B6272FA005F676D /* MainTabbarPresenter.swift */ = {isa = PBXFileReference; lastKnownFileType = sourcecode.swift; path = MainTabbarPresenter.swift; sourceTree = "<group>"; };
		567B81272B627310005F676D /* MainTabbarInteractor.swift */ = {isa = PBXFileReference; lastKnownFileType = sourcecode.swift; path = MainTabbarInteractor.swift; sourceTree = "<group>"; };
		567B81292B627323005F676D /* MainTabbarEntity.swift */ = {isa = PBXFileReference; lastKnownFileType = sourcecode.swift; path = MainTabbarEntity.swift; sourceTree = "<group>"; };
		567B812B2B627331005F676D /* MainTabbarRouter.swift */ = {isa = PBXFileReference; lastKnownFileType = sourcecode.swift; path = MainTabbarRouter.swift; sourceTree = "<group>"; };
		567B81372B627424005F676D /* CharacterScreenView.swift */ = {isa = PBXFileReference; lastKnownFileType = sourcecode.swift; path = CharacterScreenView.swift; sourceTree = "<group>"; };
		567B813B2B627432005F676D /* CharacterScreenPresenter.swift */ = {isa = PBXFileReference; lastKnownFileType = sourcecode.swift; path = CharacterScreenPresenter.swift; sourceTree = "<group>"; };
		567B813D2B627489005F676D /* CharacterScreenInteractor.swift */ = {isa = PBXFileReference; lastKnownFileType = sourcecode.swift; path = CharacterScreenInteractor.swift; sourceTree = "<group>"; };
		567B813F2B627498005F676D /* CharacterScreenEntity.swift */ = {isa = PBXFileReference; lastKnownFileType = sourcecode.swift; path = CharacterScreenEntity.swift; sourceTree = "<group>"; };
		567B81412B6274AB005F676D /* CharacterScreenRouter.swift */ = {isa = PBXFileReference; lastKnownFileType = sourcecode.swift; path = CharacterScreenRouter.swift; sourceTree = "<group>"; };
		567B81432B629133005F676D /* MainTabbarView.storyboard */ = {isa = PBXFileReference; lastKnownFileType = file.storyboard; path = MainTabbarView.storyboard; sourceTree = "<group>"; };
		567B81452B6291D6005F676D /* CharacterScreenView.storyboard */ = {isa = PBXFileReference; lastKnownFileType = file.storyboard; path = CharacterScreenView.storyboard; sourceTree = "<group>"; };
		567B814F2B629526005F676D /* EpisodeScreenView.swift */ = {isa = PBXFileReference; lastKnownFileType = sourcecode.swift; path = EpisodeScreenView.swift; sourceTree = "<group>"; };
		567B81512B62952E005F676D /* EpisodeScreenView.storyboard */ = {isa = PBXFileReference; lastKnownFileType = file.storyboard; path = EpisodeScreenView.storyboard; sourceTree = "<group>"; };
		567B81532B62963A005F676D /* EpisodeScreenPresenter.swift */ = {isa = PBXFileReference; lastKnownFileType = sourcecode.swift; path = EpisodeScreenPresenter.swift; sourceTree = "<group>"; };
		567B81552B62965C005F676D /* EpisodeScreenInteractor.swift */ = {isa = PBXFileReference; lastKnownFileType = sourcecode.swift; path = EpisodeScreenInteractor.swift; sourceTree = "<group>"; };
		567B81572B62967E005F676D /* EpisodeScreenRouter.swift */ = {isa = PBXFileReference; lastKnownFileType = sourcecode.swift; path = EpisodeScreenRouter.swift; sourceTree = "<group>"; };
		567B81592B629751005F676D /* LocationScreenView.swift */ = {isa = PBXFileReference; lastKnownFileType = sourcecode.swift; path = LocationScreenView.swift; sourceTree = "<group>"; };
		567B815B2B629760005F676D /* LocationScreenView.storyboard */ = {isa = PBXFileReference; lastKnownFileType = file.storyboard; path = LocationScreenView.storyboard; sourceTree = "<group>"; };
		567B815D2B62977E005F676D /* LocationScreenPresenter.swift */ = {isa = PBXFileReference; lastKnownFileType = sourcecode.swift; path = LocationScreenPresenter.swift; sourceTree = "<group>"; };
		567B815F2B629790005F676D /* LocationScreenInteractor.swift */ = {isa = PBXFileReference; lastKnownFileType = sourcecode.swift; path = LocationScreenInteractor.swift; sourceTree = "<group>"; };
		567B81612B629798005F676D /* LocationScreenEntity.swift */ = {isa = PBXFileReference; lastKnownFileType = sourcecode.swift; path = LocationScreenEntity.swift; sourceTree = "<group>"; };
		567B81632B62979F005F676D /* LocationScreenRouter.swift */ = {isa = PBXFileReference; lastKnownFileType = sourcecode.swift; path = LocationScreenRouter.swift; sourceTree = "<group>"; };
		567B81652B629802005F676D /* EpisodeScreenEntity.swift */ = {isa = PBXFileReference; lastKnownFileType = sourcecode.swift; path = EpisodeScreenEntity.swift; sourceTree = "<group>"; };
		567B81672B629842005F676D /* SettingScreenView.swift */ = {isa = PBXFileReference; lastKnownFileType = sourcecode.swift; path = SettingScreenView.swift; sourceTree = "<group>"; };
		567B816A2B62985B005F676D /* SettingScreenView.storyboard */ = {isa = PBXFileReference; lastKnownFileType = file.storyboard; path = SettingScreenView.storyboard; sourceTree = "<group>"; };
		567B816C2B629873005F676D /* SettingScreenPresenter.swift */ = {isa = PBXFileReference; lastKnownFileType = sourcecode.swift; path = SettingScreenPresenter.swift; sourceTree = "<group>"; };
		567B816E2B62988E005F676D /* SettingScreenInteractor.swift */ = {isa = PBXFileReference; lastKnownFileType = sourcecode.swift; path = SettingScreenInteractor.swift; sourceTree = "<group>"; };
		567B81702B6298A2005F676D /* SettingScreenEntity.swift */ = {isa = PBXFileReference; lastKnownFileType = sourcecode.swift; path = SettingScreenEntity.swift; sourceTree = "<group>"; };
		567B81722B6298B2005F676D /* SettingScreenRouter.swift */ = {isa = PBXFileReference; lastKnownFileType = sourcecode.swift; path = SettingScreenRouter.swift; sourceTree = "<group>"; };
/* End PBXFileReference section */

/* Begin PBXFrameworksBuildPhase section */
		567B81012B6271C6005F676D /* Frameworks */ = {
			isa = PBXFrameworksBuildPhase;
			buildActionMask = 2147483647;
			files = (
			);
			runOnlyForDeploymentPostprocessing = 0;
		};
/* End PBXFrameworksBuildPhase section */

/* Begin PBXGroup section */
		567B80FB2B6271C6005F676D = {
			isa = PBXGroup;
			children = (
				567B81062B6271C6005F676D /* rickmorty-viper */,
				567B81052B6271C6005F676D /* Products */,
			);
			sourceTree = "<group>";
		};
		567B81052B6271C6005F676D /* Products */ = {
			isa = PBXGroup;
			children = (
				567B81042B6271C6005F676D /* rickmorty-viper.app */,
			);
			name = Products;
			sourceTree = "<group>";
		};
		567B81062B6271C6005F676D /* rickmorty-viper */ = {
			isa = PBXGroup;
			children = (
				567B81472B6292A2005F676D /* App */,
				567B81492B6292E4005F676D /* Common */,
				567B814A2B6292EC005F676D /* Extension */,
				567B811B2B627263005F676D /* Modules */,
				567B814B2B6292FB005F676D /* Networking */,
				567B81482B6292B1005F676D /* Resources */,
				567B81152B6271C8005F676D /* Info.plist */,
			);
			path = "rickmorty-viper";
			sourceTree = "<group>";
		};
		567B811B2B627263005F676D /* Modules */ = {
			isa = PBXGroup;
			children = (
				567B81362B627414005F676D /* CharacterScreen */,
				567B814C2B629352005F676D /* EpisodeScreen */,
				567B814D2B62935A005F676D /* LocationScreen */,
				567B811C2B627273005F676D /* MainTabbar */,
				567B81692B629847005F676D /* SettingScreen */,
			);
			path = Modules;
			sourceTree = "<group>";
		};
		567B811C2B627273005F676D /* MainTabbar */ = {
			isa = PBXGroup;
			children = (
				567B81212B6272E0005F676D /* MainTabbarView.swift */,
				567B81432B629133005F676D /* MainTabbarView.storyboard */,
				567B81252B6272FA005F676D /* MainTabbarPresenter.swift */,
				567B81272B627310005F676D /* MainTabbarInteractor.swift */,
				567B81292B627323005F676D /* MainTabbarEntity.swift */,
				567B812B2B627331005F676D /* MainTabbarRouter.swift */,
			);
			path = MainTabbar;
			sourceTree = "<group>";
		};
		567B81362B627414005F676D /* CharacterScreen */ = {
			isa = PBXGroup;
			children = (
				567B81372B627424005F676D /* CharacterScreenView.swift */,
				567B81452B6291D6005F676D /* CharacterScreenView.storyboard */,
				567B813B2B627432005F676D /* CharacterScreenPresenter.swift */,
				567B813D2B627489005F676D /* CharacterScreenInteractor.swift */,
				567B813F2B627498005F676D /* CharacterScreenEntity.swift */,
				567B81412B6274AB005F676D /* CharacterScreenRouter.swift */,
			);
			path = CharacterScreen;
			sourceTree = "<group>";
		};
		567B81472B6292A2005F676D /* App */ = {
			isa = PBXGroup;
			children = (
				567B81072B6271C6005F676D /* AppDelegate.swift */,
				567B81092B6271C6005F676D /* SceneDelegate.swift */,
			);
			path = App;
			sourceTree = "<group>";
		};
		567B81482B6292B1005F676D /* Resources */ = {
			isa = PBXGroup;
			children = (
				567B81102B6271C8005F676D /* Assets.xcassets */,
				567B81122B6271C8005F676D /* LaunchScreen.storyboard */,
			);
			path = Resources;
			sourceTree = "<group>";
		};
		567B81492B6292E4005F676D /* Common */ = {
			isa = PBXGroup;
			children = (
			);
			path = Common;
			sourceTree = "<group>";
		};
		567B814A2B6292EC005F676D /* Extension */ = {
			isa = PBXGroup;
			children = (
			);
			path = Extension;
			sourceTree = "<group>";
		};
		567B814B2B6292FB005F676D /* Networking */ = {
			isa = PBXGroup;
			children = (
			);
			path = Networking;
			sourceTree = "<group>";
		};
		567B814C2B629352005F676D /* EpisodeScreen */ = {
			isa = PBXGroup;
			children = (
				567B814F2B629526005F676D /* EpisodeScreenView.swift */,
				567B81512B62952E005F676D /* EpisodeScreenView.storyboard */,
				567B81532B62963A005F676D /* EpisodeScreenPresenter.swift */,
				567B81552B62965C005F676D /* EpisodeScreenInteractor.swift */,
				567B81652B629802005F676D /* EpisodeScreenEntity.swift */,
				567B81572B62967E005F676D /* EpisodeScreenRouter.swift */,
			);
			path = EpisodeScreen;
			sourceTree = "<group>";
		};
		567B814D2B62935A005F676D /* LocationScreen */ = {
			isa = PBXGroup;
			children = (
				567B81592B629751005F676D /* LocationScreenView.swift */,
				567B815B2B629760005F676D /* LocationScreenView.storyboard */,
				567B815D2B62977E005F676D /* LocationScreenPresenter.swift */,
				567B815F2B629790005F676D /* LocationScreenInteractor.swift */,
				567B81612B629798005F676D /* LocationScreenEntity.swift */,
				567B81632B62979F005F676D /* LocationScreenRouter.swift */,
			);
			path = LocationScreen;
			sourceTree = "<group>";
		};
		567B81692B629847005F676D /* SettingScreen */ = {
			isa = PBXGroup;
			children = (
				567B81672B629842005F676D /* SettingScreenView.swift */,
				567B816A2B62985B005F676D /* SettingScreenView.storyboard */,
				567B816C2B629873005F676D /* SettingScreenPresenter.swift */,
				567B816E2B62988E005F676D /* SettingScreenInteractor.swift */,
				567B81702B6298A2005F676D /* SettingScreenEntity.swift */,
				567B81722B6298B2005F676D /* SettingScreenRouter.swift */,
			);
			path = SettingScreen;
			sourceTree = "<group>";
		};
/* End PBXGroup section */

/* Begin PBXNativeTarget section */
		567B81032B6271C6005F676D /* rickmorty-viper */ = {
			isa = PBXNativeTarget;
			buildConfigurationList = 567B81182B6271C8005F676D /* Build configuration list for PBXNativeTarget "rickmorty-viper" */;
			buildPhases = (
				567B81002B6271C6005F676D /* Sources */,
				567B81012B6271C6005F676D /* Frameworks */,
				567B81022B6271C6005F676D /* Resources */,
			);
			buildRules = (
			);
			dependencies = (
			);
			name = "rickmorty-viper";
			productName = "rickmorty-viper";
			productReference = 567B81042B6271C6005F676D /* rickmorty-viper.app */;
			productType = "com.apple.product-type.application";
		};
/* End PBXNativeTarget section */

/* Begin PBXProject section */
		567B80FC2B6271C6005F676D /* Project object */ = {
			isa = PBXProject;
			attributes = {
				BuildIndependentTargetsInParallel = 1;
				LastSwiftUpdateCheck = 1520;
				LastUpgradeCheck = 1520;
				TargetAttributes = {
					567B81032B6271C6005F676D = {
						CreatedOnToolsVersion = 15.2;
					};
				};
			};
			buildConfigurationList = 567B80FF2B6271C6005F676D /* Build configuration list for PBXProject "rickmorty-viper" */;
			compatibilityVersion = "Xcode 14.0";
			developmentRegion = en;
			hasScannedForEncodings = 0;
			knownRegions = (
				en,
				Base,
			);
			mainGroup = 567B80FB2B6271C6005F676D;
			productRefGroup = 567B81052B6271C6005F676D /* Products */;
			projectDirPath = "";
			projectRoot = "";
			targets = (
				567B81032B6271C6005F676D /* rickmorty-viper */,
			);
		};
/* End PBXProject section */

/* Begin PBXResourcesBuildPhase section */
		567B81022B6271C6005F676D /* Resources */ = {
			isa = PBXResourcesBuildPhase;
			buildActionMask = 2147483647;
			files = (
				567B81442B629133005F676D /* MainTabbarView.storyboard in Resources */,
				567B81142B6271C8005F676D /* LaunchScreen.storyboard in Resources */,
				567B815C2B629760005F676D /* LocationScreenView.storyboard in Resources */,
				567B816B2B62985B005F676D /* SettingScreenView.storyboard in Resources */,
				567B81522B62952E005F676D /* EpisodeScreenView.storyboard in Resources */,
				567B81112B6271C8005F676D /* Assets.xcassets in Resources */,
				567B81462B6291D6005F676D /* CharacterScreenView.storyboard in Resources */,
			);
			runOnlyForDeploymentPostprocessing = 0;
		};
/* End PBXResourcesBuildPhase section */

/* Begin PBXSourcesBuildPhase section */
		567B81002B6271C6005F676D /* Sources */ = {
			isa = PBXSourcesBuildPhase;
			buildActionMask = 2147483647;
			files = (
				567B81642B62979F005F676D /* LocationScreenRouter.swift in Sources */,
				567B813E2B627489005F676D /* CharacterScreenInteractor.swift in Sources */,
				567B81662B629802005F676D /* EpisodeScreenEntity.swift in Sources */,
				567B81562B62965C005F676D /* EpisodeScreenInteractor.swift in Sources */,
				567B812C2B627331005F676D /* MainTabbarRouter.swift in Sources */,
				567B81082B6271C6005F676D /* AppDelegate.swift in Sources */,
				567B81262B6272FA005F676D /* MainTabbarPresenter.swift in Sources */,
				567B81732B6298B2005F676D /* SettingScreenRouter.swift in Sources */,
				567B81542B62963A005F676D /* EpisodeScreenPresenter.swift in Sources */,
				567B81402B627498005F676D /* CharacterScreenEntity.swift in Sources */,
				567B81682B629842005F676D /* SettingScreenView.swift in Sources */,
				567B813C2B627432005F676D /* CharacterScreenPresenter.swift in Sources */,
				567B81232B6272E0005F676D /* MainTabbarView.swift in Sources */,
				567B812A2B627323005F676D /* MainTabbarEntity.swift in Sources */,
				567B81712B6298A2005F676D /* SettingScreenEntity.swift in Sources */,
				567B81282B627310005F676D /* MainTabbarInteractor.swift in Sources */,
				567B81622B629798005F676D /* LocationScreenEntity.swift in Sources */,
				567B816F2B62988E005F676D /* SettingScreenInteractor.swift in Sources */,
				567B815A2B629751005F676D /* LocationScreenView.swift in Sources */,
				567B81392B627424005F676D /* CharacterScreenView.swift in Sources */,
				567B815E2B62977E005F676D /* LocationScreenPresenter.swift in Sources */,
				567B81602B629790005F676D /* LocationScreenInteractor.swift in Sources */,
				567B81422B6274AB005F676D /* CharacterScreenRouter.swift in Sources */,
				567B810A2B6271C6005F676D /* SceneDelegate.swift in Sources */,
				567B816D2B629873005F676D /* SettingScreenPresenter.swift in Sources */,
				567B81582B62967E005F676D /* EpisodeScreenRouter.swift in Sources */,
				567B81502B629526005F676D /* EpisodeScreenView.swift in Sources */,
			);
			runOnlyForDeploymentPostprocessing = 0;
		};
/* End PBXSourcesBuildPhase section */

/* Begin PBXVariantGroup section */
		567B81122B6271C8005F676D /* LaunchScreen.storyboard */ = {
			isa = PBXVariantGroup;
			children = (
				567B81132B6271C8005F676D /* Base */,
			);
			name = LaunchScreen.storyboard;
			sourceTree = "<group>";
		};
/* End PBXVariantGroup section */

/* Begin XCBuildConfiguration section */
		567B81162B6271C8005F676D /* Debug */ = {
			isa = XCBuildConfiguration;
			buildSettings = {
				ALWAYS_SEARCH_USER_PATHS = NO;
				ASSETCATALOG_COMPILER_GENERATE_SWIFT_ASSET_SYMBOL_EXTENSIONS = YES;
				CLANG_ANALYZER_NONNULL = YES;
				CLANG_ANALYZER_NUMBER_OBJECT_CONVERSION = YES_AGGRESSIVE;
				CLANG_CXX_LANGUAGE_STANDARD = "gnu++20";
				CLANG_ENABLE_MODULES = YES;
				CLANG_ENABLE_OBJC_ARC = YES;
				CLANG_ENABLE_OBJC_WEAK = YES;
				CLANG_WARN_BLOCK_CAPTURE_AUTORELEASING = YES;
				CLANG_WARN_BOOL_CONVERSION = YES;
				CLANG_WARN_COMMA = YES;
				CLANG_WARN_CONSTANT_CONVERSION = YES;
				CLANG_WARN_DEPRECATED_OBJC_IMPLEMENTATIONS = YES;
				CLANG_WARN_DIRECT_OBJC_ISA_USAGE = YES_ERROR;
				CLANG_WARN_DOCUMENTATION_COMMENTS = YES;
				CLANG_WARN_EMPTY_BODY = YES;
				CLANG_WARN_ENUM_CONVERSION = YES;
				CLANG_WARN_INFINITE_RECURSION = YES;
				CLANG_WARN_INT_CONVERSION = YES;
				CLANG_WARN_NON_LITERAL_NULL_CONVERSION = YES;
				CLANG_WARN_OBJC_IMPLICIT_RETAIN_SELF = YES;
				CLANG_WARN_OBJC_LITERAL_CONVERSION = YES;
				CLANG_WARN_OBJC_ROOT_CLASS = YES_ERROR;
				CLANG_WARN_QUOTED_INCLUDE_IN_FRAMEWORK_HEADER = YES;
				CLANG_WARN_RANGE_LOOP_ANALYSIS = YES;
				CLANG_WARN_STRICT_PROTOTYPES = YES;
				CLANG_WARN_SUSPICIOUS_MOVE = YES;
				CLANG_WARN_UNGUARDED_AVAILABILITY = YES_AGGRESSIVE;
				CLANG_WARN_UNREACHABLE_CODE = YES;
				CLANG_WARN__DUPLICATE_METHOD_MATCH = YES;
				COPY_PHASE_STRIP = NO;
				DEBUG_INFORMATION_FORMAT = dwarf;
				ENABLE_STRICT_OBJC_MSGSEND = YES;
				ENABLE_TESTABILITY = YES;
				ENABLE_USER_SCRIPT_SANDBOXING = YES;
				GCC_C_LANGUAGE_STANDARD = gnu17;
				GCC_DYNAMIC_NO_PIC = NO;
				GCC_NO_COMMON_BLOCKS = YES;
				GCC_OPTIMIZATION_LEVEL = 0;
				GCC_PREPROCESSOR_DEFINITIONS = (
					"DEBUG=1",
					"$(inherited)",
				);
				GCC_WARN_64_TO_32_BIT_CONVERSION = YES;
				GCC_WARN_ABOUT_RETURN_TYPE = YES_ERROR;
				GCC_WARN_UNDECLARED_SELECTOR = YES;
				GCC_WARN_UNINITIALIZED_AUTOS = YES_AGGRESSIVE;
				GCC_WARN_UNUSED_FUNCTION = YES;
				GCC_WARN_UNUSED_VARIABLE = YES;
				IPHONEOS_DEPLOYMENT_TARGET = 17.2;
				LOCALIZATION_PREFERS_STRING_CATALOGS = YES;
				MTL_ENABLE_DEBUG_INFO = INCLUDE_SOURCE;
				MTL_FAST_MATH = YES;
				ONLY_ACTIVE_ARCH = YES;
				SDKROOT = iphoneos;
				SWIFT_ACTIVE_COMPILATION_CONDITIONS = "DEBUG $(inherited)";
				SWIFT_OPTIMIZATION_LEVEL = "-Onone";
			};
			name = Debug;
		};
		567B81172B6271C8005F676D /* Release */ = {
			isa = XCBuildConfiguration;
			buildSettings = {
				ALWAYS_SEARCH_USER_PATHS = NO;
				ASSETCATALOG_COMPILER_GENERATE_SWIFT_ASSET_SYMBOL_EXTENSIONS = YES;
				CLANG_ANALYZER_NONNULL = YES;
				CLANG_ANALYZER_NUMBER_OBJECT_CONVERSION = YES_AGGRESSIVE;
				CLANG_CXX_LANGUAGE_STANDARD = "gnu++20";
				CLANG_ENABLE_MODULES = YES;
				CLANG_ENABLE_OBJC_ARC = YES;
				CLANG_ENABLE_OBJC_WEAK = YES;
				CLANG_WARN_BLOCK_CAPTURE_AUTORELEASING = YES;
				CLANG_WARN_BOOL_CONVERSION = YES;
				CLANG_WARN_COMMA = YES;
				CLANG_WARN_CONSTANT_CONVERSION = YES;
				CLANG_WARN_DEPRECATED_OBJC_IMPLEMENTATIONS = YES;
				CLANG_WARN_DIRECT_OBJC_ISA_USAGE = YES_ERROR;
				CLANG_WARN_DOCUMENTATION_COMMENTS = YES;
				CLANG_WARN_EMPTY_BODY = YES;
				CLANG_WARN_ENUM_CONVERSION = YES;
				CLANG_WARN_INFINITE_RECURSION = YES;
				CLANG_WARN_INT_CONVERSION = YES;
				CLANG_WARN_NON_LITERAL_NULL_CONVERSION = YES;
				CLANG_WARN_OBJC_IMPLICIT_RETAIN_SELF = YES;
				CLANG_WARN_OBJC_LITERAL_CONVERSION = YES;
				CLANG_WARN_OBJC_ROOT_CLASS = YES_ERROR;
				CLANG_WARN_QUOTED_INCLUDE_IN_FRAMEWORK_HEADER = YES;
				CLANG_WARN_RANGE_LOOP_ANALYSIS = YES;
				CLANG_WARN_STRICT_PROTOTYPES = YES;
				CLANG_WARN_SUSPICIOUS_MOVE = YES;
				CLANG_WARN_UNGUARDED_AVAILABILITY = YES_AGGRESSIVE;
				CLANG_WARN_UNREACHABLE_CODE = YES;
				CLANG_WARN__DUPLICATE_METHOD_MATCH = YES;
				COPY_PHASE_STRIP = NO;
				DEBUG_INFORMATION_FORMAT = "dwarf-with-dsym";
				ENABLE_NS_ASSERTIONS = NO;
				ENABLE_STRICT_OBJC_MSGSEND = YES;
				ENABLE_USER_SCRIPT_SANDBOXING = YES;
				GCC_C_LANGUAGE_STANDARD = gnu17;
				GCC_NO_COMMON_BLOCKS = YES;
				GCC_WARN_64_TO_32_BIT_CONVERSION = YES;
				GCC_WARN_ABOUT_RETURN_TYPE = YES_ERROR;
				GCC_WARN_UNDECLARED_SELECTOR = YES;
				GCC_WARN_UNINITIALIZED_AUTOS = YES_AGGRESSIVE;
				GCC_WARN_UNUSED_FUNCTION = YES;
				GCC_WARN_UNUSED_VARIABLE = YES;
				IPHONEOS_DEPLOYMENT_TARGET = 17.2;
				LOCALIZATION_PREFERS_STRING_CATALOGS = YES;
				MTL_ENABLE_DEBUG_INFO = NO;
				MTL_FAST_MATH = YES;
				SDKROOT = iphoneos;
				SWIFT_COMPILATION_MODE = wholemodule;
				VALIDATE_PRODUCT = YES;
			};
			name = Release;
		};
		567B81192B6271C8005F676D /* Debug */ = {
			isa = XCBuildConfiguration;
			buildSettings = {
				ASSETCATALOG_COMPILER_APPICON_NAME = AppIcon;
				ASSETCATALOG_COMPILER_GLOBAL_ACCENT_COLOR_NAME = AccentColor;
				CODE_SIGN_STYLE = Automatic;
				CURRENT_PROJECT_VERSION = 1;
				DEVELOPMENT_TEAM = KFD27J2TGQ;
				GENERATE_INFOPLIST_FILE = YES;
				INFOPLIST_FILE = "rickmorty-viper/Info.plist";
				INFOPLIST_KEY_UIApplicationSupportsIndirectInputEvents = YES;
				INFOPLIST_KEY_UILaunchStoryboardName = LaunchScreen;
				INFOPLIST_KEY_UISupportedInterfaceOrientations_iPad = "UIInterfaceOrientationPortrait UIInterfaceOrientationPortraitUpsideDown UIInterfaceOrientationLandscapeLeft UIInterfaceOrientationLandscapeRight";
				INFOPLIST_KEY_UISupportedInterfaceOrientations_iPhone = "UIInterfaceOrientationPortrait UIInterfaceOrientationLandscapeLeft UIInterfaceOrientationLandscapeRight";
				LD_RUNPATH_SEARCH_PATHS = (
					"$(inherited)",
					"@executable_path/Frameworks",
				);
				MARKETING_VERSION = 1.0;
				PRODUCT_BUNDLE_IDENTIFIER = "com.rsilitonga112.rickmorty-viper";
				PRODUCT_NAME = "$(TARGET_NAME)";
				SWIFT_EMIT_LOC_STRINGS = YES;
				SWIFT_VERSION = 5.0;
				TARGETED_DEVICE_FAMILY = "1,2";
			};
			name = Debug;
		};
		567B811A2B6271C8005F676D /* Release */ = {
			isa = XCBuildConfiguration;
			buildSettings = {
				ASSETCATALOG_COMPILER_APPICON_NAME = AppIcon;
				ASSETCATALOG_COMPILER_GLOBAL_ACCENT_COLOR_NAME = AccentColor;
				CODE_SIGN_STYLE = Automatic;
				CURRENT_PROJECT_VERSION = 1;
				DEVELOPMENT_TEAM = KFD27J2TGQ;
				GENERATE_INFOPLIST_FILE = YES;
				INFOPLIST_FILE = "rickmorty-viper/Info.plist";
				INFOPLIST_KEY_UIApplicationSupportsIndirectInputEvents = YES;
				INFOPLIST_KEY_UILaunchStoryboardName = LaunchScreen;
				INFOPLIST_KEY_UISupportedInterfaceOrientations_iPad = "UIInterfaceOrientationPortrait UIInterfaceOrientationPortraitUpsideDown UIInterfaceOrientationLandscapeLeft UIInterfaceOrientationLandscapeRight";
				INFOPLIST_KEY_UISupportedInterfaceOrientations_iPhone = "UIInterfaceOrientationPortrait UIInterfaceOrientationLandscapeLeft UIInterfaceOrientationLandscapeRight";
				LD_RUNPATH_SEARCH_PATHS = (
					"$(inherited)",
					"@executable_path/Frameworks",
				);
				MARKETING_VERSION = 1.0;
				PRODUCT_BUNDLE_IDENTIFIER = "com.rsilitonga112.rickmorty-viper";
				PRODUCT_NAME = "$(TARGET_NAME)";
				SWIFT_EMIT_LOC_STRINGS = YES;
				SWIFT_VERSION = 5.0;
				TARGETED_DEVICE_FAMILY = "1,2";
			};
			name = Release;
		};
/* End XCBuildConfiguration section */

/* Begin XCConfigurationList section */
		567B80FF2B6271C6005F676D /* Build configuration list for PBXProject "rickmorty-viper" */ = {
			isa = XCConfigurationList;
			buildConfigurations = (
				567B81162B6271C8005F676D /* Debug */,
				567B81172B6271C8005F676D /* Release */,
			);
			defaultConfigurationIsVisible = 0;
			defaultConfigurationName = Release;
		};
		567B81182B6271C8005F676D /* Build configuration list for PBXNativeTarget "rickmorty-viper" */ = {
			isa = XCConfigurationList;
			buildConfigurations = (
				567B81192B6271C8005F676D /* Debug */,
				567B811A2B6271C8005F676D /* Release */,
			);
			defaultConfigurationIsVisible = 0;
			defaultConfigurationName = Release;
		};
/* End XCConfigurationList section */
	};
	rootObject = 567B80FC2B6271C6005F676D /* Project object */;
}
